// !$*UTF8*$!
{
	archiveVersion = 1;
	classes = {
	};
	objectVersion = 46;
	objects = {

/* Begin PBXBuildFile section */
		5D01FF7B15DFE9F60048F364 /* NSAttributedString+heightforrect.m in Sources */ = {isa = PBXBuildFile; fileRef = 5D01FF7A15DFE9F60048F364 /* NSAttributedString+heightforrect.m */; };
		5D01FF8A15DFEA5D0048F364 /* TTTAttributedLabel.m in Sources */ = {isa = PBXBuildFile; fileRef = 5D01FF8915DFEA5D0048F364 /* TTTAttributedLabel.m */; settings = {COMPILER_FLAGS = "-fno-objc-arc"; }; };
		5D8A000215DFE57B004241D5 /* XTTimelineCell.m in Sources */ = {isa = PBXBuildFile; fileRef = 5D8A000115DFE57B004241D5 /* XTTimelineCell.m */; };
		5D8AFF9015DFBA39004241D5 /* UIKit.framework in Frameworks */ = {isa = PBXBuildFile; fileRef = 5D8AFF8F15DFBA39004241D5 /* UIKit.framework */; };
		5D8AFF9215DFBA39004241D5 /* Foundation.framework in Frameworks */ = {isa = PBXBuildFile; fileRef = 5D8AFF9115DFBA39004241D5 /* Foundation.framework */; };
		5D8AFF9415DFBA39004241D5 /* CoreGraphics.framework in Frameworks */ = {isa = PBXBuildFile; fileRef = 5D8AFF9315DFBA39004241D5 /* CoreGraphics.framework */; };
		5D8AFF9615DFBA39004241D5 /* CoreData.framework in Frameworks */ = {isa = PBXBuildFile; fileRef = 5D8AFF9515DFBA39004241D5 /* CoreData.framework */; };
		5D8AFF9C15DFBA39004241D5 /* InfoPlist.strings in Resources */ = {isa = PBXBuildFile; fileRef = 5D8AFF9A15DFBA39004241D5 /* InfoPlist.strings */; };
		5D8AFF9E15DFBA39004241D5 /* main.m in Sources */ = {isa = PBXBuildFile; fileRef = 5D8AFF9D15DFBA39004241D5 /* main.m */; };
		5D8AFFA215DFBA39004241D5 /* XTAppDelegate.m in Sources */ = {isa = PBXBuildFile; fileRef = 5D8AFFA115DFBA39004241D5 /* XTAppDelegate.m */; };
		5D8AFFA515DFBA39004241D5 /* xtendr.xcdatamodeld in Sources */ = {isa = PBXBuildFile; fileRef = 5D8AFFA315DFBA39004241D5 /* xtendr.xcdatamodeld */; };
		5D8AFFB115DFBAD6004241D5 /* IIViewDeckController.m in Sources */ = {isa = PBXBuildFile; fileRef = 5D8AFFAE15DFBAD6004241D5 /* IIViewDeckController.m */; };
		5D8AFFB215DFBAD6004241D5 /* WrapController.m in Sources */ = {isa = PBXBuildFile; fileRef = 5D8AFFB015DFBAD6004241D5 /* WrapController.m */; };
		5D8AFFB615DFBB21004241D5 /* XTNoCredentialsViewController.m in Sources */ = {isa = PBXBuildFile; fileRef = 5D8AFFB515DFBB21004241D5 /* XTNoCredentialsViewController.m */; };
		5D8AFFBA15DFCBC9004241D5 /* XTSignInViewController.m in Sources */ = {isa = PBXBuildFile; fileRef = 5D8AFFB815DFCBC9004241D5 /* XTSignInViewController.m */; };
		5D8AFFBB15DFCBC9004241D5 /* XTSignInViewController.xib in Resources */ = {isa = PBXBuildFile; fileRef = 5D8AFFB915DFCBC9004241D5 /* XTSignInViewController.xib */; };
		5D8AFFBF15DFD151004241D5 /* libTestFlight.a in Frameworks */ = {isa = PBXBuildFile; fileRef = 5D8AFFBD15DFD151004241D5 /* libTestFlight.a */; };
		5D8AFFC515DFD21A004241D5 /* TMDiskCache.m in Sources */ = {isa = PBXBuildFile; fileRef = 5D8AFFC215DFD21A004241D5 /* TMDiskCache.m */; };
		5D8AFFC615DFD21A004241D5 /* UIImageView+NetworkLoad.m in Sources */ = {isa = PBXBuildFile; fileRef = 5D8AFFC415DFD21A004241D5 /* UIImageView+NetworkLoad.m */; };
		5D8AFFC815DFD2C3004241D5 /* QuartzCore.framework in Frameworks */ = {isa = PBXBuildFile; fileRef = 5D8AFFC715DFD2C3004241D5 /* QuartzCore.framework */; };
		5D8AFFCA15DFD2D9004241D5 /* libz.dylib in Frameworks */ = {isa = PBXBuildFile; fileRef = 5D8AFFC915DFD2D9004241D5 /* libz.dylib */; };
		5D8AFFCE15DFD3C0004241D5 /* XTLeftPanelViewController.m in Sources */ = {isa = PBXBuildFile; fileRef = 5D8AFFCD15DFD3C0004241D5 /* XTLeftPanelViewController.m */; };
		5D8AFFD115DFD474004241D5 /* XTProfileController.m in Sources */ = {isa = PBXBuildFile; fileRef = 5D8AFFD015DFD474004241D5 /* XTProfileController.m */; };
		5D8AFFDB15DFD584004241D5 /* BadgeLabel.m in Sources */ = {isa = PBXBuildFile; fileRef = 5D8AFFD315DFD584004241D5 /* BadgeLabel.m */; };
		5D8AFFDC15DFD584004241D5 /* leftpanel-chevron.png in Resources */ = {isa = PBXBuildFile; fileRef = 5D8AFFD415DFD584004241D5 /* leftpanel-chevron.png */; };
		5D8AFFDD15DFD584004241D5 /* leftpanel-chevron@2x.png in Resources */ = {isa = PBXBuildFile; fileRef = 5D8AFFD515DFD584004241D5 /* leftpanel-chevron@2x.png */; };
		5D8AFFDE15DFD584004241D5 /* leftpanelback.png in Resources */ = {isa = PBXBuildFile; fileRef = 5D8AFFD615DFD584004241D5 /* leftpanelback.png */; };
		5D8AFFDF15DFD584004241D5 /* leftpanelback@2x.png in Resources */ = {isa = PBXBuildFile; fileRef = 5D8AFFD715DFD584004241D5 /* leftpanelback@2x.png */; };
		5D8AFFE015DFD584004241D5 /* XTLeftPanelCell.m in Sources */ = {isa = PBXBuildFile; fileRef = 5D8AFFD915DFD584004241D5 /* XTLeftPanelCell.m */; };
		5D8AFFE115DFD584004241D5 /* XTLeftPanelCell.xib in Resources */ = {isa = PBXBuildFile; fileRef = 5D8AFFDA15DFD584004241D5 /* XTLeftPanelCell.xib */; };
		5D8AFFEB15DFDB96004241D5 /* nav-menu-icon-active.png in Resources */ = {isa = PBXBuildFile; fileRef = 5D8AFFE715DFDB96004241D5 /* nav-menu-icon-active.png */; };
		5D8AFFEC15DFDB96004241D5 /* nav-menu-icon-active@2x.png in Resources */ = {isa = PBXBuildFile; fileRef = 5D8AFFE815DFDB96004241D5 /* nav-menu-icon-active@2x.png */; };
		5D8AFFED15DFDB96004241D5 /* nav-menu-icon.png in Resources */ = {isa = PBXBuildFile; fileRef = 5D8AFFE915DFDB96004241D5 /* nav-menu-icon.png */; };
		5D8AFFEE15DFDB96004241D5 /* nav-menu-icon@2x.png in Resources */ = {isa = PBXBuildFile; fileRef = 5D8AFFEA15DFDB96004241D5 /* nav-menu-icon@2x.png */; };
		5D8AFFF015DFE045004241D5 /* XTTimelineCell.xib in Resources */ = {isa = PBXBuildFile; fileRef = 5D8AFFEF15DFE045004241D5 /* XTTimelineCell.xib */; };
		5D8AFFF315DFE119004241D5 /* XTTimelineViewController.m in Sources */ = {isa = PBXBuildFile; fileRef = 5D8AFFF215DFE119004241D5 /* XTTimelineViewController.m */; };
		5D8AFFF615DFE175004241D5 /* timelineback.png in Resources */ = {isa = PBXBuildFile; fileRef = 5D8AFFF415DFE175004241D5 /* timelineback.png */; };
		5D8AFFF715DFE175004241D5 /* timelineback@2x.png in Resources */ = {isa = PBXBuildFile; fileRef = 5D8AFFF515DFE175004241D5 /* timelineback@2x.png */; };
		5D8AFFFA15DFE439004241D5 /* post-thoughtbubble.png in Resources */ = {isa = PBXBuildFile; fileRef = 5D8AFFF815DFE439004241D5 /* post-thoughtbubble.png */; };
		5D8AFFFB15DFE439004241D5 /* post-thoughtbubble@2x.png in Resources */ = {isa = PBXBuildFile; fileRef = 5D8AFFF915DFE439004241D5 /* post-thoughtbubble@2x.png */; };
		5D8AFFFE15DFE4F4004241D5 /* addpostbutton.png in Resources */ = {isa = PBXBuildFile; fileRef = 5D8AFFFC15DFE4F4004241D5 /* addpostbutton.png */; };
		5D8AFFFF15DFE4F4004241D5 /* addpostbutton@2x.png in Resources */ = {isa = PBXBuildFile; fileRef = 5D8AFFFD15DFE4F4004241D5 /* addpostbutton@2x.png */; };
		5D8E634D15DFEB9100DC11FF /* CoreText.framework in Frameworks */ = {isa = PBXBuildFile; fileRef = 5D8E634C15DFEB9100DC11FF /* CoreText.framework */; };
		5D8E635015DFED0E00DC11FF /* anonprofilepic.png in Resources */ = {isa = PBXBuildFile; fileRef = 5D8E634E15DFED0E00DC11FF /* anonprofilepic.png */; };
		5D8E635115DFED0E00DC11FF /* anonprofilepic@2x.png in Resources */ = {isa = PBXBuildFile; fileRef = 5D8E634F15DFED0E00DC11FF /* anonprofilepic@2x.png */; };
		5D8E635415DFEE1700DC11FF /* addplus.png in Resources */ = {isa = PBXBuildFile; fileRef = 5D8E635215DFEE1700DC11FF /* addplus.png */; };
		5D8E635515DFEE1700DC11FF /* addplus@2x.png in Resources */ = {isa = PBXBuildFile; fileRef = 5D8E635315DFEE1700DC11FF /* addplus@2x.png */; };
		5D8E635715DFF03C00DC11FF /* unknown.png in Resources */ = {isa = PBXBuildFile; fileRef = 5D8E635615DFF03C00DC11FF /* unknown.png */; };
		5D8E635B15DFF61000DC11FF /* XTProfileViewController.m in Sources */ = {isa = PBXBuildFile; fileRef = 5D8E635A15DFF61000DC11FF /* XTProfileViewController.m */; };
		5D8E635D15DFF91C00DC11FF /* XTProfileHeader.xib in Resources */ = {isa = PBXBuildFile; fileRef = 5D8E635C15DFF91C00DC11FF /* XTProfileHeader.xib */; };
		5D8E636015DFFB4500DC11FF /* navigationbar.png in Resources */ = {isa = PBXBuildFile; fileRef = 5D8E635E15DFFB4500DC11FF /* navigationbar.png */; };
		5D8E636115DFFB4500DC11FF /* navigationbar@2x.png in Resources */ = {isa = PBXBuildFile; fileRef = 5D8E635F15DFFB4500DC11FF /* navigationbar@2x.png */; };
		5D8E636315DFFD4300DC11FF /* unicorn.jpg in Resources */ = {isa = PBXBuildFile; fileRef = 5D8E636215DFFD4300DC11FF /* unicorn.jpg */; };
		5D8E636615DFFFD200DC11FF /* headerdimmer@2x.png in Resources */ = {isa = PBXBuildFile; fileRef = 5D8E636415DFFFD200DC11FF /* headerdimmer@2x.png */; };
		5D8E636715DFFFD200DC11FF /* headerdimmer.png in Resources */ = {isa = PBXBuildFile; fileRef = 5D8E636515DFFFD200DC11FF /* headerdimmer.png */; };
		5D8E636B15E00F1900DC11FF /* TMHTTPClient.m in Sources */ = {isa = PBXBuildFile; fileRef = 5D8E636A15E00F1900DC11FF /* TMHTTPClient.m */; };
		5D8E636E15E00F3600DC11FF /* TMHTTPRequest.m in Sources */ = {isa = PBXBuildFile; fileRef = 5D8E636D15E00F3600DC11FF /* TMHTTPRequest.m */; };
		5D8E637115E0139D00DC11FF /* TMNetworkActivityIndicatorManager.m in Sources */ = {isa = PBXBuildFile; fileRef = 5D8E637015E0139D00DC11FF /* TMNetworkActivityIndicatorManager.m */; };
		5D8E637415E01BB500DC11FF /* XTHTTPClient.m in Sources */ = {isa = PBXBuildFile; fileRef = 5D8E637315E01BB500DC11FF /* XTHTTPClient.m */; };
		5DA766A815E40A4400CF69FA /* XTSearchViewController.m in Sources */ = {isa = PBXBuildFile; fileRef = 5DA766A715E40A4400CF69FA /* XTSearchViewController.m */; };
		5DA766AB15E43E9200CF69FA /* XTHashTag.m in Sources */ = {isa = PBXBuildFile; fileRef = 5DA766AA15E43E9200CF69FA /* XTHashTag.m */; };
		5DA766AF15E4414100CF69FA /* XTHashTagViewController.m in Sources */ = {isa = PBXBuildFile; fileRef = 5DA766AE15E4414100CF69FA /* XTHashTagViewController.m */; };
		5DA766BA15E462AA00CF69FA /* 512_round 2.png in Resources */ = {isa = PBXBuildFile; fileRef = 5DA766B915E462AA00CF69FA /* 512_round 2.png */; };
		5DA766BC15E462C500CF69FA /* 57.png in Resources */ = {isa = PBXBuildFile; fileRef = 5DA766BB15E462C500CF69FA /* 57.png */; };
		5DC2585E15E0DD94007F6EEE /* Icon@2x.png in Resources */ = {isa = PBXBuildFile; fileRef = 5DC2585D15E0DD94007F6EEE /* Icon@2x.png */; };
		5DC2586015E0DD9A007F6EEE /* Icon.png in Resources */ = {isa = PBXBuildFile; fileRef = 5DC2585F15E0DD9A007F6EEE /* Icon.png */; };
		5DC2586215E0DDC1007F6EEE /* Default@2x.png in Resources */ = {isa = PBXBuildFile; fileRef = 5DC2586115E0DDC1007F6EEE /* Default@2x.png */; };
		5DC2586415E0DDDD007F6EEE /* Default.png in Resources */ = {isa = PBXBuildFile; fileRef = 5DC2586315E0DDDD007F6EEE /* Default.png */; };
		5DC2586815E0EC78007F6EEE /* XTProfileUser.m in Sources */ = {isa = PBXBuildFile; fileRef = 5DC2586715E0EC78007F6EEE /* XTProfileUser.m */; };
		5DC2586B15E0EDB3007F6EEE /* XTImageObject.m in Sources */ = {isa = PBXBuildFile; fileRef = 5DC2586A15E0EDB3007F6EEE /* XTImageObject.m */; };
		5DC2586E15E0F8F7007F6EEE /* User.m in Sources */ = {isa = PBXBuildFile; fileRef = 5DC2586D15E0F8F7007F6EEE /* User.m */; };
		5DC2587115E0F912007F6EEE /* Post.m in Sources */ = {isa = PBXBuildFile; fileRef = 5DC2587015E0F912007F6EEE /* Post.m */; };
		5DC2587415E1141D007F6EEE /* XTPostController.m in Sources */ = {isa = PBXBuildFile; fileRef = 5DC2587315E1141D007F6EEE /* XTPostController.m */; };
		5DC2587715E11429007F6EEE /* XTUserController.m in Sources */ = {isa = PBXBuildFile; fileRef = 5DC2587615E11429007F6EEE /* XTUserController.m */; };
		5DC2587A15E11531007F6EEE /* whitedot.png in Resources */ = {isa = PBXBuildFile; fileRef = 5DC2587815E11531007F6EEE /* whitedot.png */; };
		5DC2587B15E11531007F6EEE /* whitedot@2x.png in Resources */ = {isa = PBXBuildFile; fileRef = 5DC2587915E11531007F6EEE /* whitedot@2x.png */; };
		5DC2587E15E11942007F6EEE /* Post+coolstuff.m in Sources */ = {isa = PBXBuildFile; fileRef = 5DC2587D15E11942007F6EEE /* Post+coolstuff.m */; };
		5DC2588115E1197F007F6EEE /* User+coolstuff.m in Sources */ = {isa = PBXBuildFile; fileRef = 5DC2588015E1197F007F6EEE /* User+coolstuff.m */; };
		5DC60FC215E03C7600DC96C5 /* XTTimelineHeader.xib in Resources */ = {isa = PBXBuildFile; fileRef = 5DC60FC115E03C7600DC96C5 /* XTTimelineHeader.xib */; };
		5DC60FC715E0579600DC96C5 /* XTNewPostViewController.m in Sources */ = {isa = PBXBuildFile; fileRef = 5DC60FC615E0579600DC96C5 /* XTNewPostViewController.m */; };
		5DC60FC915E0584900DC96C5 /* XTNewPostCell.xib in Resources */ = {isa = PBXBuildFile; fileRef = 5DC60FC815E0584900DC96C5 /* XTNewPostCell.xib */; };
		5DC60FCC15E0585B00DC96C5 /* XTNewPostCell.m in Sources */ = {isa = PBXBuildFile; fileRef = 5DC60FCB15E0585B00DC96C5 /* XTNewPostCell.m */; };
		5DF0AEFD15E14F250093C081 /* XTSettingsViewController.m in Sources */ = {isa = PBXBuildFile; fileRef = 5DF0AEFC15E14F250093C081 /* XTSettingsViewController.m */; };
		5DF0AF0C15E285BA0093C081 /* quickreply.png in Resources */ = {isa = PBXBuildFile; fileRef = 5DF0AF0A15E285B90093C081 /* quickreply.png */; };
		5DF0AF0D15E285BA0093C081 /* quickreply@2x.png in Resources */ = {isa = PBXBuildFile; fileRef = 5DF0AF0B15E285BA0093C081 /* quickreply@2x.png */; };
		5DF0AF1315E288300093C081 /* XTMention.m in Sources */ = {isa = PBXBuildFile; fileRef = 5DF0AF1215E288300093C081 /* XTMention.m */; };
		5DF0AF3715E2A95A0093C081 /* XTFeedbackViewController.m in Sources */ = {isa = PBXBuildFile; fileRef = 5DF0AF3615E2A95A0093C081 /* XTFeedbackViewController.m */; };
		5DF0AF3A15E2ACB50093C081 /* brownlinen.png in Resources */ = {isa = PBXBuildFile; fileRef = 5DF0AF3815E2ACB50093C081 /* brownlinen.png */; };
		5DF0AF3B15E2ACB50093C081 /* brownlinen@2x.png in Resources */ = {isa = PBXBuildFile; fileRef = 5DF0AF3915E2ACB50093C081 /* brownlinen@2x.png */; };
		5DF0AF3E15E381E60093C081 /* TMImgurUploader.m in Sources */ = {isa = PBXBuildFile; fileRef = 5DF0AF3D15E381E60093C081 /* TMImgurUploader.m */; };
		5DF0AF7A15E39BE40093C081 /* acceptphoto.png in Resources */ = {isa = PBXBuildFile; fileRef = 5DF0AF4115E39BE40093C081 /* acceptphoto.png */; };
		5DF0AF7B15E39BE40093C081 /* acceptphoto@2x.png in Resources */ = {isa = PBXBuildFile; fileRef = 5DF0AF4215E39BE40093C081 /* acceptphoto@2x.png */; };
		5DF0AF7C15E39BE40093C081 /* CameraButtonBack.png in Resources */ = {isa = PBXBuildFile; fileRef = 5DF0AF4315E39BE40093C081 /* CameraButtonBack.png */; };
		5DF0AF7D15E39BE40093C081 /* CameraButtonBack@2x.png in Resources */ = {isa = PBXBuildFile; fileRef = 5DF0AF4415E39BE40093C081 /* CameraButtonBack@2x.png */; };
		5DF0AF7E15E39BE40093C081 /* CameraButtonBackPressed.png in Resources */ = {isa = PBXBuildFile; fileRef = 5DF0AF4515E39BE40093C081 /* CameraButtonBackPressed.png */; };
		5DF0AF7F15E39BE40093C081 /* CameraButtonBackPressed@2x.png in Resources */ = {isa = PBXBuildFile; fileRef = 5DF0AF4615E39BE40093C081 /* CameraButtonBackPressed@2x.png */; };
		5DF0AF8015E39BE40093C081 /* cancelcapture.png in Resources */ = {isa = PBXBuildFile; fileRef = 5DF0AF4715E39BE40093C081 /* cancelcapture.png */; };
		5DF0AF8115E39BE40093C081 /* cancelcapture@2x.png in Resources */ = {isa = PBXBuildFile; fileRef = 5DF0AF4815E39BE40093C081 /* cancelcapture@2x.png */; };
		5DF0AF8215E39BE40093C081 /* effectback.png in Resources */ = {isa = PBXBuildFile; fileRef = 5DF0AF4915E39BE40093C081 /* effectback.png */; };
		5DF0AF8315E39BE40093C081 /* effectback@2x.png in Resources */ = {isa = PBXBuildFile; fileRef = 5DF0AF4A15E39BE40093C081 /* effectback@2x.png */; };
		5DF0AF8415E39BE40093C081 /* library.png in Resources */ = {isa = PBXBuildFile; fileRef = 5DF0AF4B15E39BE40093C081 /* library.png */; };
		5DF0AF8515E39BE40093C081 /* library@2x.png in Resources */ = {isa = PBXBuildFile; fileRef = 5DF0AF4C15E39BE40093C081 /* library@2x.png */; };
		5DF0AF8615E39BE40093C081 /* PLCameraButtonBarSilver.png in Resources */ = {isa = PBXBuildFile; fileRef = 5DF0AF4D15E39BE40093C081 /* PLCameraButtonBarSilver.png */; };
		5DF0AF8715E39BE40093C081 /* PLCameraButtonBarSilver@2x.png in Resources */ = {isa = PBXBuildFile; fileRef = 5DF0AF4E15E39BE40093C081 /* PLCameraButtonBarSilver@2x.png */; };
		5DF0AF8815E39BE40093C081 /* PLCameraButtonBarSilverShadow.png in Resources */ = {isa = PBXBuildFile; fileRef = 5DF0AF4F15E39BE40093C081 /* PLCameraButtonBarSilverShadow.png */; };
		5DF0AF8915E39BE40093C081 /* PLCameraButtonBarSilverShadow@2x.png in Resources */ = {isa = PBXBuildFile; fileRef = 5DF0AF5015E39BE40093C081 /* PLCameraButtonBarSilverShadow@2x.png */; };
		5DF0AF8A15E39BE40093C081 /* PLCameraButtonIcon.png in Resources */ = {isa = PBXBuildFile; fileRef = 5DF0AF5115E39BE40093C081 /* PLCameraButtonIcon.png */; };
		5DF0AF8B15E39BE40093C081 /* PLCameraButtonIcon@2x.png in Resources */ = {isa = PBXBuildFile; fileRef = 5DF0AF5215E39BE40093C081 /* PLCameraButtonIcon@2x.png */; };
		5DF0AF8C15E39BE40093C081 /* PLCameraButtonIconLandscape.png in Resources */ = {isa = PBXBuildFile; fileRef = 5DF0AF5315E39BE40093C081 /* PLCameraButtonIconLandscape.png */; };
		5DF0AF8D15E39BE40093C081 /* PLCameraButtonIconLandscape@2x.png in Resources */ = {isa = PBXBuildFile; fileRef = 5DF0AF5415E39BE40093C081 /* PLCameraButtonIconLandscape@2x.png */; };
		5DF0AF8E15E39BE40093C081 /* PLCameraButtonSilver.png in Resources */ = {isa = PBXBuildFile; fileRef = 5DF0AF5515E39BE40093C081 /* PLCameraButtonSilver.png */; };
		5DF0AF8F15E39BE40093C081 /* PLCameraButtonSilver@2x.png in Resources */ = {isa = PBXBuildFile; fileRef = 5DF0AF5615E39BE40093C081 /* PLCameraButtonSilver@2x.png */; };
		5DF0AF9015E39BE40093C081 /* PLCameraButtonSilverPressed.png in Resources */ = {isa = PBXBuildFile; fileRef = 5DF0AF5715E39BE40093C081 /* PLCameraButtonSilverPressed.png */; };
		5DF0AF9115E39BE40093C081 /* PLCameraButtonSilverPressed@2x.png in Resources */ = {isa = PBXBuildFile; fileRef = 5DF0AF5815E39BE40093C081 /* PLCameraButtonSilverPressed@2x.png */; };
		5DF0AF9215E39BE40093C081 /* PLCameraToggleIcon.png in Resources */ = {isa = PBXBuildFile; fileRef = 5DF0AF5915E39BE40093C081 /* PLCameraToggleIcon.png */; };
		5DF0AF9315E39BE40093C081 /* PLCameraToggleIcon@2x.png in Resources */ = {isa = PBXBuildFile; fileRef = 5DF0AF5A15E39BE40093C081 /* PLCameraToggleIcon@2x.png */; };
		5DF0AF9415E39BE40093C081 /* PLFocusCrosshairsSmall1.png in Resources */ = {isa = PBXBuildFile; fileRef = 5DF0AF5B15E39BE40093C081 /* PLFocusCrosshairsSmall1.png */; };
		5DF0AF9515E39BE40093C081 /* PLFocusCrosshairsSmall1@2x.png in Resources */ = {isa = PBXBuildFile; fileRef = 5DF0AF5C15E39BE40093C081 /* PLFocusCrosshairsSmall1@2x.png */; };
		5DF0AF9615E39BE40093C081 /* rejectphoto.png in Resources */ = {isa = PBXBuildFile; fileRef = 5DF0AF5D15E39BE40093C081 /* rejectphoto.png */; };
		5DF0AF9715E39BE40093C081 /* rejectphoto@2x.png in Resources */ = {isa = PBXBuildFile; fileRef = 5DF0AF5E15E39BE40093C081 /* rejectphoto@2x.png */; };
		5DF0AF9815E39BE40093C081 /* showeffect.png in Resources */ = {isa = PBXBuildFile; fileRef = 5DF0AF5F15E39BE40093C081 /* showeffect.png */; };
		5DF0AF9915E39BE40093C081 /* showeffect@2x.png in Resources */ = {isa = PBXBuildFile; fileRef = 5DF0AF6015E39BE40093C081 /* showeffect@2x.png */; };
		5DF0AF9A15E39BE40093C081 /* thumbnail.jpg in Resources */ = {isa = PBXBuildFile; fileRef = 5DF0AF6115E39BE40093C081 /* thumbnail.jpg */; };
		5DF0AF9B15E39BE40093C081 /* NAArbusEffect.m in Sources */ = {isa = PBXBuildFile; fileRef = 5DF0AF6315E39BE40093C081 /* NAArbusEffect.m */; };
		5DF0AF9C15E39BE40093C081 /* NABluesImageEffect.m in Sources */ = {isa = PBXBuildFile; fileRef = 5DF0AF6515E39BE40093C081 /* NABluesImageEffect.m */; };
		5DF0AF9D15E39BE40093C081 /* NACaptureViewController.m in Sources */ = {isa = PBXBuildFile; fileRef = 5DF0AF6715E39BE40093C081 /* NACaptureViewController.m */; };
		5DF0AF9E15E39BE40093C081 /* NAClassicImageEffect.m in Sources */ = {isa = PBXBuildFile; fileRef = 5DF0AF6915E39BE40093C081 /* NAClassicImageEffect.m */; };
		5DF0AF9F15E39BE40093C081 /* NAEffectsManager.m in Sources */ = {isa = PBXBuildFile; fileRef = 5DF0AF6B15E39BE40093C081 /* NAEffectsManager.m */; };
		5DF0AFA015E39BE40093C081 /* NAImageEffect.m in Sources */ = {isa = PBXBuildFile; fileRef = 5DF0AF6D15E39BE40093C081 /* NAImageEffect.m */; };
		5DF0AFA115E39BE40093C081 /* NAOrlandoEffect.m in Sources */ = {isa = PBXBuildFile; fileRef = 5DF0AF6F15E39BE40093C081 /* NAOrlandoEffect.m */; };
		5DF0AFA215E39BE40093C081 /* NAPixelateEffect.m in Sources */ = {isa = PBXBuildFile; fileRef = 5DF0AF7115E39BE40093C081 /* NAPixelateEffect.m */; };
		5DF0AFA315E39BE40093C081 /* NASplitTone.m in Sources */ = {isa = PBXBuildFile; fileRef = 5DF0AF7315E39BE40093C081 /* NASplitTone.m */; };
		5DF0AFA415E39BE40093C081 /* NAToasterEffect.m in Sources */ = {isa = PBXBuildFile; fileRef = 5DF0AF7515E39BE40093C081 /* NAToasterEffect.m */; };
		5DF0AFA515E39BE40093C081 /* NAWonderEffect.m in Sources */ = {isa = PBXBuildFile; fileRef = 5DF0AF7715E39BE40093C081 /* NAWonderEffect.m */; };
		5DF0AFA615E39BE40093C081 /* NAZProEffect.m in Sources */ = {isa = PBXBuildFile; fileRef = 5DF0AF7915E39BE40093C081 /* NAZProEffect.m */; };
		5DF0AFA815E39C590093C081 /* CoreImage.framework in Frameworks */ = {isa = PBXBuildFile; fileRef = 5DF0AFA715E39C590093C081 /* CoreImage.framework */; };
		5DF0AFAA15E39C5F0093C081 /* AVFoundation.framework in Frameworks */ = {isa = PBXBuildFile; fileRef = 5DF0AFA915E39C5F0093C081 /* AVFoundation.framework */; };
		5DF0AFAC15E39C6B0093C081 /* CoreMedia.framework in Frameworks */ = {isa = PBXBuildFile; fileRef = 5DF0AFAB15E39C6B0093C081 /* CoreMedia.framework */; };
		5DF0AFAE15E39C740093C081 /* MobileCoreServices.framework in Frameworks */ = {isa = PBXBuildFile; fileRef = 5DF0AFAD15E39C740093C081 /* MobileCoreServices.framework */; };
		5DF0AFB015E39C7E0093C081 /* CoreVideo.framework in Frameworks */ = {isa = PBXBuildFile; fileRef = 5DF0AFAF15E39C7D0093C081 /* CoreVideo.framework */; };
		5DF0AFB315E39CDC0093C081 /* ExpandableNavigation.m in Sources */ = {isa = PBXBuildFile; fileRef = 5DF0AFB215E39CDC0093C081 /* ExpandableNavigation.m */; };
		5DF0AFB615E39D0E0093C081 /* TMMaskView.m in Sources */ = {isa = PBXBuildFile; fileRef = 5DF0AFB515E39D0E0093C081 /* TMMaskView.m */; };
		5DF0AFB915E39DBB0093C081 /* XTPhotoPostController.m in Sources */ = {isa = PBXBuildFile; fileRef = 5DF0AFB815E39DBB0093C081 /* XTPhotoPostController.m */; };
		5DF0AFBF15E3A27F0093C081 /* addcamera.png in Resources */ = {isa = PBXBuildFile; fileRef = 5DF0AFBA15E3A27F0093C081 /* addcamera.png */; };
		5DF0AFC015E3A27F0093C081 /* addcamera@2x.png in Resources */ = {isa = PBXBuildFile; fileRef = 5DF0AFBB15E3A27F0093C081 /* addcamera@2x.png */; };
		5DF0AFC115E3A27F0093C081 /* addthought.png in Resources */ = {isa = PBXBuildFile; fileRef = 5DF0AFBC15E3A27F0093C081 /* addthought.png */; };
		5DF0AFC215E3A27F0093C081 /* addthought@2x.png in Resources */ = {isa = PBXBuildFile; fileRef = 5DF0AFBD15E3A27F0093C081 /* addthought@2x.png */; };
/* End PBXBuildFile section */

/* Begin PBXFileReference section */
		5D01FF7915DFE9F60048F364 /* NSAttributedString+heightforrect.h */ = {isa = PBXFileReference; fileEncoding = 4; lastKnownFileType = sourcecode.c.h; path = "NSAttributedString+heightforrect.h"; sourceTree = "<group>"; };
		5D01FF7A15DFE9F60048F364 /* NSAttributedString+heightforrect.m */ = {isa = PBXFileReference; fileEncoding = 4; lastKnownFileType = sourcecode.c.objc; path = "NSAttributedString+heightforrect.m"; sourceTree = "<group>"; };
		5D01FF8715DFEA420048F364 /* TTTAttributedLabel.h */ = {isa = PBXFileReference; fileEncoding = 4; lastKnownFileType = sourcecode.c.h; path = TTTAttributedLabel.h; sourceTree = "<group>"; };
		5D01FF8915DFEA5D0048F364 /* TTTAttributedLabel.m */ = {isa = PBXFileReference; fileEncoding = 4; lastKnownFileType = sourcecode.c.objc; path = TTTAttributedLabel.m; sourceTree = "<group>"; };
		5D8A000015DFE57B004241D5 /* XTTimelineCell.h */ = {isa = PBXFileReference; fileEncoding = 4; lastKnownFileType = sourcecode.c.h; path = XTTimelineCell.h; sourceTree = "<group>"; };
		5D8A000115DFE57B004241D5 /* XTTimelineCell.m */ = {isa = PBXFileReference; fileEncoding = 4; lastKnownFileType = sourcecode.c.objc; path = XTTimelineCell.m; sourceTree = "<group>"; };
		5D8AFF8B15DFBA39004241D5 /* xtendr.app */ = {isa = PBXFileReference; explicitFileType = wrapper.application; includeInIndex = 0; path = xtendr.app; sourceTree = BUILT_PRODUCTS_DIR; };
		5D8AFF8F15DFBA39004241D5 /* UIKit.framework */ = {isa = PBXFileReference; lastKnownFileType = wrapper.framework; name = UIKit.framework; path = System/Library/Frameworks/UIKit.framework; sourceTree = SDKROOT; };
		5D8AFF9115DFBA39004241D5 /* Foundation.framework */ = {isa = PBXFileReference; lastKnownFileType = wrapper.framework; name = Foundation.framework; path = System/Library/Frameworks/Foundation.framework; sourceTree = SDKROOT; };
		5D8AFF9315DFBA39004241D5 /* CoreGraphics.framework */ = {isa = PBXFileReference; lastKnownFileType = wrapper.framework; name = CoreGraphics.framework; path = System/Library/Frameworks/CoreGraphics.framework; sourceTree = SDKROOT; };
		5D8AFF9515DFBA39004241D5 /* CoreData.framework */ = {isa = PBXFileReference; lastKnownFileType = wrapper.framework; name = CoreData.framework; path = System/Library/Frameworks/CoreData.framework; sourceTree = SDKROOT; };
		5D8AFF9915DFBA39004241D5 /* xtendr-Info.plist */ = {isa = PBXFileReference; lastKnownFileType = text.plist.xml; path = "xtendr-Info.plist"; sourceTree = "<group>"; };
		5D8AFF9B15DFBA39004241D5 /* en */ = {isa = PBXFileReference; lastKnownFileType = text.plist.strings; name = en; path = en.lproj/InfoPlist.strings; sourceTree = "<group>"; };
		5D8AFF9D15DFBA39004241D5 /* main.m */ = {isa = PBXFileReference; lastKnownFileType = sourcecode.c.objc; path = main.m; sourceTree = "<group>"; };
		5D8AFF9F15DFBA39004241D5 /* xtendr-Prefix.pch */ = {isa = PBXFileReference; lastKnownFileType = sourcecode.c.h; path = "xtendr-Prefix.pch"; sourceTree = "<group>"; };
		5D8AFFA015DFBA39004241D5 /* XTAppDelegate.h */ = {isa = PBXFileReference; lastKnownFileType = sourcecode.c.h; path = XTAppDelegate.h; sourceTree = "<group>"; };
		5D8AFFA115DFBA39004241D5 /* XTAppDelegate.m */ = {isa = PBXFileReference; lastKnownFileType = sourcecode.c.objc; path = XTAppDelegate.m; sourceTree = "<group>"; };
		5D8AFFA415DFBA39004241D5 /* xtendr.xcdatamodel */ = {isa = PBXFileReference; lastKnownFileType = wrapper.xcdatamodel; path = xtendr.xcdatamodel; sourceTree = "<group>"; };
		5D8AFFAD15DFBAD6004241D5 /* IIViewDeckController.h */ = {isa = PBXFileReference; fileEncoding = 4; lastKnownFileType = sourcecode.c.h; path = IIViewDeckController.h; sourceTree = "<group>"; };
		5D8AFFAE15DFBAD6004241D5 /* IIViewDeckController.m */ = {isa = PBXFileReference; fileEncoding = 4; lastKnownFileType = sourcecode.c.objc; path = IIViewDeckController.m; sourceTree = "<group>"; };
		5D8AFFAF15DFBAD6004241D5 /* WrapController.h */ = {isa = PBXFileReference; fileEncoding = 4; lastKnownFileType = sourcecode.c.h; path = WrapController.h; sourceTree = "<group>"; };
		5D8AFFB015DFBAD6004241D5 /* WrapController.m */ = {isa = PBXFileReference; fileEncoding = 4; lastKnownFileType = sourcecode.c.objc; path = WrapController.m; sourceTree = "<group>"; };
		5D8AFFB415DFBB21004241D5 /* XTNoCredentialsViewController.h */ = {isa = PBXFileReference; fileEncoding = 4; lastKnownFileType = sourcecode.c.h; name = XTNoCredentialsViewController.h; path = "startup screens/XTNoCredentialsViewController.h"; sourceTree = "<group>"; };
		5D8AFFB515DFBB21004241D5 /* XTNoCredentialsViewController.m */ = {isa = PBXFileReference; fileEncoding = 4; lastKnownFileType = sourcecode.c.objc; name = XTNoCredentialsViewController.m; path = "startup screens/XTNoCredentialsViewController.m"; sourceTree = "<group>"; };
		5D8AFFB715DFCBC9004241D5 /* XTSignInViewController.h */ = {isa = PBXFileReference; fileEncoding = 4; lastKnownFileType = sourcecode.c.h; name = XTSignInViewController.h; path = "startup screens/XTSignInViewController.h"; sourceTree = "<group>"; };
		5D8AFFB815DFCBC9004241D5 /* XTSignInViewController.m */ = {isa = PBXFileReference; fileEncoding = 4; lastKnownFileType = sourcecode.c.objc; name = XTSignInViewController.m; path = "startup screens/XTSignInViewController.m"; sourceTree = "<group>"; };
		5D8AFFB915DFCBC9004241D5 /* XTSignInViewController.xib */ = {isa = PBXFileReference; fileEncoding = 4; lastKnownFileType = file.xib; name = XTSignInViewController.xib; path = "startup screens/XTSignInViewController.xib"; sourceTree = "<group>"; };
		5D8AFFBD15DFD151004241D5 /* libTestFlight.a */ = {isa = PBXFileReference; lastKnownFileType = archive.ar; path = libTestFlight.a; sourceTree = "<group>"; };
		5D8AFFBE15DFD151004241D5 /* TestFlight.h */ = {isa = PBXFileReference; fileEncoding = 4; lastKnownFileType = sourcecode.c.h; path = TestFlight.h; sourceTree = "<group>"; };
		5D8AFFC115DFD21A004241D5 /* TMDiskCache.h */ = {isa = PBXFileReference; fileEncoding = 4; lastKnownFileType = sourcecode.c.h; path = TMDiskCache.h; sourceTree = "<group>"; };
		5D8AFFC215DFD21A004241D5 /* TMDiskCache.m */ = {isa = PBXFileReference; fileEncoding = 4; lastKnownFileType = sourcecode.c.objc; path = TMDiskCache.m; sourceTree = "<group>"; };
		5D8AFFC315DFD21A004241D5 /* UIImageView+NetworkLoad.h */ = {isa = PBXFileReference; fileEncoding = 4; lastKnownFileType = sourcecode.c.h; path = "UIImageView+NetworkLoad.h"; sourceTree = "<group>"; };
		5D8AFFC415DFD21A004241D5 /* UIImageView+NetworkLoad.m */ = {isa = PBXFileReference; fileEncoding = 4; lastKnownFileType = sourcecode.c.objc; path = "UIImageView+NetworkLoad.m"; sourceTree = "<group>"; };
		5D8AFFC715DFD2C3004241D5 /* QuartzCore.framework */ = {isa = PBXFileReference; lastKnownFileType = wrapper.framework; name = QuartzCore.framework; path = System/Library/Frameworks/QuartzCore.framework; sourceTree = SDKROOT; };
		5D8AFFC915DFD2D9004241D5 /* libz.dylib */ = {isa = PBXFileReference; lastKnownFileType = "compiled.mach-o.dylib"; name = libz.dylib; path = usr/lib/libz.dylib; sourceTree = SDKROOT; };
		5D8AFFCC15DFD3C0004241D5 /* XTLeftPanelViewController.h */ = {isa = PBXFileReference; fileEncoding = 4; lastKnownFileType = sourcecode.c.h; path = XTLeftPanelViewController.h; sourceTree = "<group>"; };
		5D8AFFCD15DFD3C0004241D5 /* XTLeftPanelViewController.m */ = {isa = PBXFileReference; fileEncoding = 4; lastKnownFileType = sourcecode.c.objc; path = XTLeftPanelViewController.m; sourceTree = "<group>"; };
		5D8AFFCF15DFD474004241D5 /* XTProfileController.h */ = {isa = PBXFileReference; fileEncoding = 4; lastKnownFileType = sourcecode.c.h; path = XTProfileController.h; sourceTree = "<group>"; };
		5D8AFFD015DFD474004241D5 /* XTProfileController.m */ = {isa = PBXFileReference; fileEncoding = 4; lastKnownFileType = sourcecode.c.objc; path = XTProfileController.m; sourceTree = "<group>"; };
		5D8AFFD215DFD584004241D5 /* BadgeLabel.h */ = {isa = PBXFileReference; fileEncoding = 4; lastKnownFileType = sourcecode.c.h; path = BadgeLabel.h; sourceTree = "<group>"; };
		5D8AFFD315DFD584004241D5 /* BadgeLabel.m */ = {isa = PBXFileReference; fileEncoding = 4; lastKnownFileType = sourcecode.c.objc; path = BadgeLabel.m; sourceTree = "<group>"; };
		5D8AFFD415DFD584004241D5 /* leftpanel-chevron.png */ = {isa = PBXFileReference; lastKnownFileType = image.png; path = "leftpanel-chevron.png"; sourceTree = "<group>"; };
		5D8AFFD515DFD584004241D5 /* leftpanel-chevron@2x.png */ = {isa = PBXFileReference; lastKnownFileType = image.png; path = "leftpanel-chevron@2x.png"; sourceTree = "<group>"; };
		5D8AFFD615DFD584004241D5 /* leftpanelback.png */ = {isa = PBXFileReference; lastKnownFileType = image.png; path = leftpanelback.png; sourceTree = "<group>"; };
		5D8AFFD715DFD584004241D5 /* leftpanelback@2x.png */ = {isa = PBXFileReference; lastKnownFileType = image.png; path = "leftpanelback@2x.png"; sourceTree = "<group>"; };
		5D8AFFD815DFD584004241D5 /* XTLeftPanelCell.h */ = {isa = PBXFileReference; fileEncoding = 4; lastKnownFileType = sourcecode.c.h; path = XTLeftPanelCell.h; sourceTree = "<group>"; };
		5D8AFFD915DFD584004241D5 /* XTLeftPanelCell.m */ = {isa = PBXFileReference; fileEncoding = 4; lastKnownFileType = sourcecode.c.objc; path = XTLeftPanelCell.m; sourceTree = "<group>"; };
		5D8AFFDA15DFD584004241D5 /* XTLeftPanelCell.xib */ = {isa = PBXFileReference; fileEncoding = 4; lastKnownFileType = file.xib; path = XTLeftPanelCell.xib; sourceTree = "<group>"; };
		5D8AFFE715DFDB96004241D5 /* nav-menu-icon-active.png */ = {isa = PBXFileReference; lastKnownFileType = image.png; path = "nav-menu-icon-active.png"; sourceTree = "<group>"; };
		5D8AFFE815DFDB96004241D5 /* nav-menu-icon-active@2x.png */ = {isa = PBXFileReference; lastKnownFileType = image.png; path = "nav-menu-icon-active@2x.png"; sourceTree = "<group>"; };
		5D8AFFE915DFDB96004241D5 /* nav-menu-icon.png */ = {isa = PBXFileReference; lastKnownFileType = image.png; path = "nav-menu-icon.png"; sourceTree = "<group>"; };
		5D8AFFEA15DFDB96004241D5 /* nav-menu-icon@2x.png */ = {isa = PBXFileReference; lastKnownFileType = image.png; path = "nav-menu-icon@2x.png"; sourceTree = "<group>"; };
		5D8AFFEF15DFE045004241D5 /* XTTimelineCell.xib */ = {isa = PBXFileReference; fileEncoding = 4; lastKnownFileType = file.xib; path = XTTimelineCell.xib; sourceTree = "<group>"; };
		5D8AFFF115DFE119004241D5 /* XTTimelineViewController.h */ = {isa = PBXFileReference; fileEncoding = 4; lastKnownFileType = sourcecode.c.h; path = XTTimelineViewController.h; sourceTree = "<group>"; };
		5D8AFFF215DFE119004241D5 /* XTTimelineViewController.m */ = {isa = PBXFileReference; fileEncoding = 4; lastKnownFileType = sourcecode.c.objc; path = XTTimelineViewController.m; sourceTree = "<group>"; };
		5D8AFFF415DFE175004241D5 /* timelineback.png */ = {isa = PBXFileReference; lastKnownFileType = image.png; path = timelineback.png; sourceTree = "<group>"; };
		5D8AFFF515DFE175004241D5 /* timelineback@2x.png */ = {isa = PBXFileReference; lastKnownFileType = image.png; path = "timelineback@2x.png"; sourceTree = "<group>"; };
		5D8AFFF815DFE439004241D5 /* post-thoughtbubble.png */ = {isa = PBXFileReference; lastKnownFileType = image.png; path = "post-thoughtbubble.png"; sourceTree = "<group>"; };
		5D8AFFF915DFE439004241D5 /* post-thoughtbubble@2x.png */ = {isa = PBXFileReference; lastKnownFileType = image.png; path = "post-thoughtbubble@2x.png"; sourceTree = "<group>"; };
		5D8AFFFC15DFE4F4004241D5 /* addpostbutton.png */ = {isa = PBXFileReference; lastKnownFileType = image.png; path = addpostbutton.png; sourceTree = "<group>"; };
		5D8AFFFD15DFE4F4004241D5 /* addpostbutton@2x.png */ = {isa = PBXFileReference; lastKnownFileType = image.png; path = "addpostbutton@2x.png"; sourceTree = "<group>"; };
		5D8E634C15DFEB9100DC11FF /* CoreText.framework */ = {isa = PBXFileReference; lastKnownFileType = wrapper.framework; name = CoreText.framework; path = System/Library/Frameworks/CoreText.framework; sourceTree = SDKROOT; };
		5D8E634E15DFED0E00DC11FF /* anonprofilepic.png */ = {isa = PBXFileReference; lastKnownFileType = image.png; path = anonprofilepic.png; sourceTree = "<group>"; };
		5D8E634F15DFED0E00DC11FF /* anonprofilepic@2x.png */ = {isa = PBXFileReference; lastKnownFileType = image.png; path = "anonprofilepic@2x.png"; sourceTree = "<group>"; };
		5D8E635215DFEE1700DC11FF /* addplus.png */ = {isa = PBXFileReference; lastKnownFileType = image.png; path = addplus.png; sourceTree = "<group>"; };
		5D8E635315DFEE1700DC11FF /* addplus@2x.png */ = {isa = PBXFileReference; lastKnownFileType = image.png; path = "addplus@2x.png"; sourceTree = "<group>"; };
		5D8E635615DFF03C00DC11FF /* unknown.png */ = {isa = PBXFileReference; lastKnownFileType = image.png; path = unknown.png; sourceTree = "<group>"; };
		5D8E635915DFF61000DC11FF /* XTProfileViewController.h */ = {isa = PBXFileReference; fileEncoding = 4; lastKnownFileType = sourcecode.c.h; path = XTProfileViewController.h; sourceTree = "<group>"; };
		5D8E635A15DFF61000DC11FF /* XTProfileViewController.m */ = {isa = PBXFileReference; fileEncoding = 4; lastKnownFileType = sourcecode.c.objc; path = XTProfileViewController.m; sourceTree = "<group>"; };
		5D8E635C15DFF91C00DC11FF /* XTProfileHeader.xib */ = {isa = PBXFileReference; fileEncoding = 4; lastKnownFileType = file.xib; path = XTProfileHeader.xib; sourceTree = "<group>"; };
		5D8E635E15DFFB4500DC11FF /* navigationbar.png */ = {isa = PBXFileReference; lastKnownFileType = image.png; path = navigationbar.png; sourceTree = "<group>"; };
		5D8E635F15DFFB4500DC11FF /* navigationbar@2x.png */ = {isa = PBXFileReference; lastKnownFileType = image.png; path = "navigationbar@2x.png"; sourceTree = "<group>"; };
		5D8E636215DFFD4300DC11FF /* unicorn.jpg */ = {isa = PBXFileReference; lastKnownFileType = image.jpeg; path = unicorn.jpg; sourceTree = "<group>"; };
		5D8E636415DFFFD200DC11FF /* headerdimmer@2x.png */ = {isa = PBXFileReference; lastKnownFileType = image.png; path = "headerdimmer@2x.png"; sourceTree = "<group>"; };
		5D8E636515DFFFD200DC11FF /* headerdimmer.png */ = {isa = PBXFileReference; lastKnownFileType = image.png; path = headerdimmer.png; sourceTree = "<group>"; };
		5D8E636915E00F1900DC11FF /* TMHTTPClient.h */ = {isa = PBXFileReference; fileEncoding = 4; lastKnownFileType = sourcecode.c.h; path = TMHTTPClient.h; sourceTree = "<group>"; };
		5D8E636A15E00F1900DC11FF /* TMHTTPClient.m */ = {isa = PBXFileReference; fileEncoding = 4; lastKnownFileType = sourcecode.c.objc; path = TMHTTPClient.m; sourceTree = "<group>"; };
		5D8E636C15E00F3600DC11FF /* TMHTTPRequest.h */ = {isa = PBXFileReference; fileEncoding = 4; lastKnownFileType = sourcecode.c.h; path = TMHTTPRequest.h; sourceTree = "<group>"; };
		5D8E636D15E00F3600DC11FF /* TMHTTPRequest.m */ = {isa = PBXFileReference; fileEncoding = 4; lastKnownFileType = sourcecode.c.objc; path = TMHTTPRequest.m; sourceTree = "<group>"; };
		5D8E636F15E0139D00DC11FF /* TMNetworkActivityIndicatorManager.h */ = {isa = PBXFileReference; fileEncoding = 4; lastKnownFileType = sourcecode.c.h; path = TMNetworkActivityIndicatorManager.h; sourceTree = "<group>"; };
		5D8E637015E0139D00DC11FF /* TMNetworkActivityIndicatorManager.m */ = {isa = PBXFileReference; fileEncoding = 4; lastKnownFileType = sourcecode.c.objc; path = TMNetworkActivityIndicatorManager.m; sourceTree = "<group>"; };
		5D8E637215E01BB500DC11FF /* XTHTTPClient.h */ = {isa = PBXFileReference; fileEncoding = 4; lastKnownFileType = sourcecode.c.h; path = XTHTTPClient.h; sourceTree = "<group>"; };
		5D8E637315E01BB500DC11FF /* XTHTTPClient.m */ = {isa = PBXFileReference; fileEncoding = 4; lastKnownFileType = sourcecode.c.objc; path = XTHTTPClient.m; sourceTree = "<group>"; };
		5DA766A615E40A4400CF69FA /* XTSearchViewController.h */ = {isa = PBXFileReference; fileEncoding = 4; lastKnownFileType = sourcecode.c.h; path = XTSearchViewController.h; sourceTree = "<group>"; };
		5DA766A715E40A4400CF69FA /* XTSearchViewController.m */ = {isa = PBXFileReference; fileEncoding = 4; lastKnownFileType = sourcecode.c.objc; path = XTSearchViewController.m; sourceTree = "<group>"; };
		5DA766A915E43E9200CF69FA /* XTHashTag.h */ = {isa = PBXFileReference; fileEncoding = 4; lastKnownFileType = sourcecode.c.h; path = XTHashTag.h; sourceTree = "<group>"; };
		5DA766AA15E43E9200CF69FA /* XTHashTag.m */ = {isa = PBXFileReference; fileEncoding = 4; lastKnownFileType = sourcecode.c.objc; path = XTHashTag.m; sourceTree = "<group>"; };
		5DA766AD15E4414100CF69FA /* XTHashTagViewController.h */ = {isa = PBXFileReference; fileEncoding = 4; lastKnownFileType = sourcecode.c.h; path = XTHashTagViewController.h; sourceTree = "<group>"; };
		5DA766AE15E4414100CF69FA /* XTHashTagViewController.m */ = {isa = PBXFileReference; fileEncoding = 4; lastKnownFileType = sourcecode.c.objc; path = XTHashTagViewController.m; sourceTree = "<group>"; };
		5DA766B915E462AA00CF69FA /* 512_round 2.png */ = {isa = PBXFileReference; lastKnownFileType = image.png; path = "512_round 2.png"; sourceTree = "<group>"; };
		5DA766BB15E462C500CF69FA /* 57.png */ = {isa = PBXFileReference; lastKnownFileType = image.png; path = 57.png; sourceTree = "<group>"; };
		5DC2585D15E0DD94007F6EEE /* Icon@2x.png */ = {isa = PBXFileReference; lastKnownFileType = image.png; path = "Icon@2x.png"; sourceTree = "<group>"; };
		5DC2585F15E0DD9A007F6EEE /* Icon.png */ = {isa = PBXFileReference; lastKnownFileType = image.png; path = Icon.png; sourceTree = "<group>"; };
		5DC2586115E0DDC1007F6EEE /* Default@2x.png */ = {isa = PBXFileReference; lastKnownFileType = image.png; path = "Default@2x.png"; sourceTree = "<group>"; };
		5DC2586315E0DDDD007F6EEE /* Default.png */ = {isa = PBXFileReference; lastKnownFileType = image.png; path = Default.png; sourceTree = "<group>"; };
		5DC2586615E0EC78007F6EEE /* XTProfileUser.h */ = {isa = PBXFileReference; fileEncoding = 4; lastKnownFileType = sourcecode.c.h; path = XTProfileUser.h; sourceTree = "<group>"; };
		5DC2586715E0EC78007F6EEE /* XTProfileUser.m */ = {isa = PBXFileReference; fileEncoding = 4; lastKnownFileType = sourcecode.c.objc; path = XTProfileUser.m; sourceTree = "<group>"; };
		5DC2586915E0EDB3007F6EEE /* XTImageObject.h */ = {isa = PBXFileReference; fileEncoding = 4; lastKnownFileType = sourcecode.c.h; path = XTImageObject.h; sourceTree = "<group>"; };
		5DC2586A15E0EDB3007F6EEE /* XTImageObject.m */ = {isa = PBXFileReference; fileEncoding = 4; lastKnownFileType = sourcecode.c.objc; path = XTImageObject.m; sourceTree = "<group>"; };
		5DC2586C15E0F8F6007F6EEE /* User.h */ = {isa = PBXFileReference; fileEncoding = 4; lastKnownFileType = sourcecode.c.h; path = User.h; sourceTree = "<group>"; };
		5DC2586D15E0F8F7007F6EEE /* User.m */ = {isa = PBXFileReference; fileEncoding = 4; lastKnownFileType = sourcecode.c.objc; path = User.m; sourceTree = "<group>"; };
		5DC2586F15E0F912007F6EEE /* Post.h */ = {isa = PBXFileReference; fileEncoding = 4; lastKnownFileType = sourcecode.c.h; path = Post.h; sourceTree = "<group>"; };
		5DC2587015E0F912007F6EEE /* Post.m */ = {isa = PBXFileReference; fileEncoding = 4; lastKnownFileType = sourcecode.c.objc; path = Post.m; sourceTree = "<group>"; };
		5DC2587215E1141D007F6EEE /* XTPostController.h */ = {isa = PBXFileReference; fileEncoding = 4; lastKnownFileType = sourcecode.c.h; path = XTPostController.h; sourceTree = "<group>"; };
		5DC2587315E1141D007F6EEE /* XTPostController.m */ = {isa = PBXFileReference; fileEncoding = 4; lastKnownFileType = sourcecode.c.objc; path = XTPostController.m; sourceTree = "<group>"; };
		5DC2587515E11429007F6EEE /* XTUserController.h */ = {isa = PBXFileReference; fileEncoding = 4; lastKnownFileType = sourcecode.c.h; path = XTUserController.h; sourceTree = "<group>"; };
		5DC2587615E11429007F6EEE /* XTUserController.m */ = {isa = PBXFileReference; fileEncoding = 4; lastKnownFileType = sourcecode.c.objc; path = XTUserController.m; sourceTree = "<group>"; };
		5DC2587815E11531007F6EEE /* whitedot.png */ = {isa = PBXFileReference; lastKnownFileType = image.png; path = whitedot.png; sourceTree = "<group>"; };
		5DC2587915E11531007F6EEE /* whitedot@2x.png */ = {isa = PBXFileReference; lastKnownFileType = image.png; path = "whitedot@2x.png"; sourceTree = "<group>"; };
		5DC2587C15E11942007F6EEE /* Post+coolstuff.h */ = {isa = PBXFileReference; fileEncoding = 4; lastKnownFileType = sourcecode.c.h; path = "Post+coolstuff.h"; sourceTree = "<group>"; };
		5DC2587D15E11942007F6EEE /* Post+coolstuff.m */ = {isa = PBXFileReference; fileEncoding = 4; lastKnownFileType = sourcecode.c.objc; path = "Post+coolstuff.m"; sourceTree = "<group>"; };
		5DC2587F15E1197E007F6EEE /* User+coolstuff.h */ = {isa = PBXFileReference; fileEncoding = 4; lastKnownFileType = sourcecode.c.h; path = "User+coolstuff.h"; sourceTree = "<group>"; };
		5DC2588015E1197F007F6EEE /* User+coolstuff.m */ = {isa = PBXFileReference; fileEncoding = 4; lastKnownFileType = sourcecode.c.objc; path = "User+coolstuff.m"; sourceTree = "<group>"; };
		5DC60FC115E03C7600DC96C5 /* XTTimelineHeader.xib */ = {isa = PBXFileReference; fileEncoding = 4; lastKnownFileType = file.xib; path = XTTimelineHeader.xib; sourceTree = "<group>"; };
		5DC60FC515E0579600DC96C5 /* XTNewPostViewController.h */ = {isa = PBXFileReference; fileEncoding = 4; lastKnownFileType = sourcecode.c.h; path = XTNewPostViewController.h; sourceTree = "<group>"; };
		5DC60FC615E0579600DC96C5 /* XTNewPostViewController.m */ = {isa = PBXFileReference; fileEncoding = 4; lastKnownFileType = sourcecode.c.objc; path = XTNewPostViewController.m; sourceTree = "<group>"; };
		5DC60FC815E0584900DC96C5 /* XTNewPostCell.xib */ = {isa = PBXFileReference; fileEncoding = 4; lastKnownFileType = file.xib; path = XTNewPostCell.xib; sourceTree = "<group>"; };
		5DC60FCA15E0585B00DC96C5 /* XTNewPostCell.h */ = {isa = PBXFileReference; fileEncoding = 4; lastKnownFileType = sourcecode.c.h; path = XTNewPostCell.h; sourceTree = "<group>"; };
		5DC60FCB15E0585B00DC96C5 /* XTNewPostCell.m */ = {isa = PBXFileReference; fileEncoding = 4; lastKnownFileType = sourcecode.c.objc; path = XTNewPostCell.m; sourceTree = "<group>"; };
		5DF0AEFB15E14F250093C081 /* XTSettingsViewController.h */ = {isa = PBXFileReference; fileEncoding = 4; lastKnownFileType = sourcecode.c.h; path = XTSettingsViewController.h; sourceTree = "<group>"; };
		5DF0AEFC15E14F250093C081 /* XTSettingsViewController.m */ = {isa = PBXFileReference; fileEncoding = 4; lastKnownFileType = sourcecode.c.objc; path = XTSettingsViewController.m; sourceTree = "<group>"; };
		5DF0AF0A15E285B90093C081 /* quickreply.png */ = {isa = PBXFileReference; lastKnownFileType = image.png; path = quickreply.png; sourceTree = "<group>"; };
		5DF0AF0B15E285BA0093C081 /* quickreply@2x.png */ = {isa = PBXFileReference; lastKnownFileType = image.png; path = "quickreply@2x.png"; sourceTree = "<group>"; };
		5DF0AF1115E288300093C081 /* XTMention.h */ = {isa = PBXFileReference; fileEncoding = 4; lastKnownFileType = sourcecode.c.h; path = XTMention.h; sourceTree = "<group>"; };
		5DF0AF1215E288300093C081 /* XTMention.m */ = {isa = PBXFileReference; fileEncoding = 4; lastKnownFileType = sourcecode.c.objc; path = XTMention.m; sourceTree = "<group>"; };
		5DF0AF3515E2A95A0093C081 /* XTFeedbackViewController.h */ = {isa = PBXFileReference; fileEncoding = 4; lastKnownFileType = sourcecode.c.h; path = XTFeedbackViewController.h; sourceTree = "<group>"; };
		5DF0AF3615E2A95A0093C081 /* XTFeedbackViewController.m */ = {isa = PBXFileReference; fileEncoding = 4; lastKnownFileType = sourcecode.c.objc; path = XTFeedbackViewController.m; sourceTree = "<group>"; };
		5DF0AF3815E2ACB50093C081 /* brownlinen.png */ = {isa = PBXFileReference; lastKnownFileType = image.png; path = brownlinen.png; sourceTree = "<group>"; };
		5DF0AF3915E2ACB50093C081 /* brownlinen@2x.png */ = {isa = PBXFileReference; lastKnownFileType = image.png; path = "brownlinen@2x.png"; sourceTree = "<group>"; };
		5DF0AF3C15E381E60093C081 /* TMImgurUploader.h */ = {isa = PBXFileReference; fileEncoding = 4; lastKnownFileType = sourcecode.c.h; path = TMImgurUploader.h; sourceTree = "<group>"; };
		5DF0AF3D15E381E60093C081 /* TMImgurUploader.m */ = {isa = PBXFileReference; fileEncoding = 4; lastKnownFileType = sourcecode.c.objc; path = TMImgurUploader.m; sourceTree = "<group>"; };
		5DF0AF4115E39BE40093C081 /* acceptphoto.png */ = {isa = PBXFileReference; lastKnownFileType = image.png; path = acceptphoto.png; sourceTree = "<group>"; };
		5DF0AF4215E39BE40093C081 /* acceptphoto@2x.png */ = {isa = PBXFileReference; lastKnownFileType = image.png; path = "acceptphoto@2x.png"; sourceTree = "<group>"; };
		5DF0AF4315E39BE40093C081 /* CameraButtonBack.png */ = {isa = PBXFileReference; lastKnownFileType = image.png; path = CameraButtonBack.png; sourceTree = "<group>"; };
		5DF0AF4415E39BE40093C081 /* CameraButtonBack@2x.png */ = {isa = PBXFileReference; lastKnownFileType = image.png; path = "CameraButtonBack@2x.png"; sourceTree = "<group>"; };
		5DF0AF4515E39BE40093C081 /* CameraButtonBackPressed.png */ = {isa = PBXFileReference; lastKnownFileType = image.png; path = CameraButtonBackPressed.png; sourceTree = "<group>"; };
		5DF0AF4615E39BE40093C081 /* CameraButtonBackPressed@2x.png */ = {isa = PBXFileReference; lastKnownFileType = image.png; path = "CameraButtonBackPressed@2x.png"; sourceTree = "<group>"; };
		5DF0AF4715E39BE40093C081 /* cancelcapture.png */ = {isa = PBXFileReference; lastKnownFileType = image.png; path = cancelcapture.png; sourceTree = "<group>"; };
		5DF0AF4815E39BE40093C081 /* cancelcapture@2x.png */ = {isa = PBXFileReference; lastKnownFileType = image.png; path = "cancelcapture@2x.png"; sourceTree = "<group>"; };
		5DF0AF4915E39BE40093C081 /* effectback.png */ = {isa = PBXFileReference; lastKnownFileType = image.png; path = effectback.png; sourceTree = "<group>"; };
		5DF0AF4A15E39BE40093C081 /* effectback@2x.png */ = {isa = PBXFileReference; lastKnownFileType = image.png; path = "effectback@2x.png"; sourceTree = "<group>"; };
		5DF0AF4B15E39BE40093C081 /* library.png */ = {isa = PBXFileReference; lastKnownFileType = image.png; path = library.png; sourceTree = "<group>"; };
		5DF0AF4C15E39BE40093C081 /* library@2x.png */ = {isa = PBXFileReference; lastKnownFileType = image.png; path = "library@2x.png"; sourceTree = "<group>"; };
		5DF0AF4D15E39BE40093C081 /* PLCameraButtonBarSilver.png */ = {isa = PBXFileReference; lastKnownFileType = image.png; path = PLCameraButtonBarSilver.png; sourceTree = "<group>"; };
		5DF0AF4E15E39BE40093C081 /* PLCameraButtonBarSilver@2x.png */ = {isa = PBXFileReference; lastKnownFileType = image.png; path = "PLCameraButtonBarSilver@2x.png"; sourceTree = "<group>"; };
		5DF0AF4F15E39BE40093C081 /* PLCameraButtonBarSilverShadow.png */ = {isa = PBXFileReference; lastKnownFileType = image.png; path = PLCameraButtonBarSilverShadow.png; sourceTree = "<group>"; };
		5DF0AF5015E39BE40093C081 /* PLCameraButtonBarSilverShadow@2x.png */ = {isa = PBXFileReference; lastKnownFileType = image.png; path = "PLCameraButtonBarSilverShadow@2x.png"; sourceTree = "<group>"; };
		5DF0AF5115E39BE40093C081 /* PLCameraButtonIcon.png */ = {isa = PBXFileReference; lastKnownFileType = image.png; path = PLCameraButtonIcon.png; sourceTree = "<group>"; };
		5DF0AF5215E39BE40093C081 /* PLCameraButtonIcon@2x.png */ = {isa = PBXFileReference; lastKnownFileType = image.png; path = "PLCameraButtonIcon@2x.png"; sourceTree = "<group>"; };
		5DF0AF5315E39BE40093C081 /* PLCameraButtonIconLandscape.png */ = {isa = PBXFileReference; lastKnownFileType = image.png; path = PLCameraButtonIconLandscape.png; sourceTree = "<group>"; };
		5DF0AF5415E39BE40093C081 /* PLCameraButtonIconLandscape@2x.png */ = {isa = PBXFileReference; lastKnownFileType = image.png; path = "PLCameraButtonIconLandscape@2x.png"; sourceTree = "<group>"; };
		5DF0AF5515E39BE40093C081 /* PLCameraButtonSilver.png */ = {isa = PBXFileReference; lastKnownFileType = image.png; path = PLCameraButtonSilver.png; sourceTree = "<group>"; };
		5DF0AF5615E39BE40093C081 /* PLCameraButtonSilver@2x.png */ = {isa = PBXFileReference; lastKnownFileType = image.png; path = "PLCameraButtonSilver@2x.png"; sourceTree = "<group>"; };
		5DF0AF5715E39BE40093C081 /* PLCameraButtonSilverPressed.png */ = {isa = PBXFileReference; lastKnownFileType = image.png; path = PLCameraButtonSilverPressed.png; sourceTree = "<group>"; };
		5DF0AF5815E39BE40093C081 /* PLCameraButtonSilverPressed@2x.png */ = {isa = PBXFileReference; lastKnownFileType = image.png; path = "PLCameraButtonSilverPressed@2x.png"; sourceTree = "<group>"; };
		5DF0AF5915E39BE40093C081 /* PLCameraToggleIcon.png */ = {isa = PBXFileReference; lastKnownFileType = image.png; path = PLCameraToggleIcon.png; sourceTree = "<group>"; };
		5DF0AF5A15E39BE40093C081 /* PLCameraToggleIcon@2x.png */ = {isa = PBXFileReference; lastKnownFileType = image.png; path = "PLCameraToggleIcon@2x.png"; sourceTree = "<group>"; };
		5DF0AF5B15E39BE40093C081 /* PLFocusCrosshairsSmall1.png */ = {isa = PBXFileReference; lastKnownFileType = image.png; path = PLFocusCrosshairsSmall1.png; sourceTree = "<group>"; };
		5DF0AF5C15E39BE40093C081 /* PLFocusCrosshairsSmall1@2x.png */ = {isa = PBXFileReference; lastKnownFileType = image.png; path = "PLFocusCrosshairsSmall1@2x.png"; sourceTree = "<group>"; };
		5DF0AF5D15E39BE40093C081 /* rejectphoto.png */ = {isa = PBXFileReference; lastKnownFileType = image.png; path = rejectphoto.png; sourceTree = "<group>"; };
		5DF0AF5E15E39BE40093C081 /* rejectphoto@2x.png */ = {isa = PBXFileReference; lastKnownFileType = image.png; path = "rejectphoto@2x.png"; sourceTree = "<group>"; };
		5DF0AF5F15E39BE40093C081 /* showeffect.png */ = {isa = PBXFileReference; lastKnownFileType = image.png; path = showeffect.png; sourceTree = "<group>"; };
		5DF0AF6015E39BE40093C081 /* showeffect@2x.png */ = {isa = PBXFileReference; lastKnownFileType = image.png; path = "showeffect@2x.png"; sourceTree = "<group>"; };
		5DF0AF6115E39BE40093C081 /* thumbnail.jpg */ = {isa = PBXFileReference; lastKnownFileType = image.jpeg; path = thumbnail.jpg; sourceTree = "<group>"; };
		5DF0AF6215E39BE40093C081 /* NAArbusEffect.h */ = {isa = PBXFileReference; fileEncoding = 4; lastKnownFileType = sourcecode.c.h; path = NAArbusEffect.h; sourceTree = "<group>"; };
		5DF0AF6315E39BE40093C081 /* NAArbusEffect.m */ = {isa = PBXFileReference; fileEncoding = 4; lastKnownFileType = sourcecode.c.objc; path = NAArbusEffect.m; sourceTree = "<group>"; };
		5DF0AF6415E39BE40093C081 /* NABluesImageEffect.h */ = {isa = PBXFileReference; fileEncoding = 4; lastKnownFileType = sourcecode.c.h; path = NABluesImageEffect.h; sourceTree = "<group>"; };
		5DF0AF6515E39BE40093C081 /* NABluesImageEffect.m */ = {isa = PBXFileReference; fileEncoding = 4; lastKnownFileType = sourcecode.c.objc; path = NABluesImageEffect.m; sourceTree = "<group>"; };
		5DF0AF6615E39BE40093C081 /* NACaptureViewController.h */ = {isa = PBXFileReference; fileEncoding = 4; lastKnownFileType = sourcecode.c.h; path = NACaptureViewController.h; sourceTree = "<group>"; };
		5DF0AF6715E39BE40093C081 /* NACaptureViewController.m */ = {isa = PBXFileReference; fileEncoding = 4; lastKnownFileType = sourcecode.c.objc; path = NACaptureViewController.m; sourceTree = "<group>"; };
		5DF0AF6815E39BE40093C081 /* NAClassicImageEffect.h */ = {isa = PBXFileReference; fileEncoding = 4; lastKnownFileType = sourcecode.c.h; path = NAClassicImageEffect.h; sourceTree = "<group>"; };
		5DF0AF6915E39BE40093C081 /* NAClassicImageEffect.m */ = {isa = PBXFileReference; fileEncoding = 4; lastKnownFileType = sourcecode.c.objc; path = NAClassicImageEffect.m; sourceTree = "<group>"; };
		5DF0AF6A15E39BE40093C081 /* NAEffectsManager.h */ = {isa = PBXFileReference; fileEncoding = 4; lastKnownFileType = sourcecode.c.h; path = NAEffectsManager.h; sourceTree = "<group>"; };
		5DF0AF6B15E39BE40093C081 /* NAEffectsManager.m */ = {isa = PBXFileReference; fileEncoding = 4; lastKnownFileType = sourcecode.c.objc; path = NAEffectsManager.m; sourceTree = "<group>"; };
		5DF0AF6C15E39BE40093C081 /* NAImageEffect.h */ = {isa = PBXFileReference; fileEncoding = 4; lastKnownFileType = sourcecode.c.h; path = NAImageEffect.h; sourceTree = "<group>"; };
		5DF0AF6D15E39BE40093C081 /* NAImageEffect.m */ = {isa = PBXFileReference; fileEncoding = 4; lastKnownFileType = sourcecode.c.objc; path = NAImageEffect.m; sourceTree = "<group>"; };
		5DF0AF6E15E39BE40093C081 /* NAOrlandoEffect.h */ = {isa = PBXFileReference; fileEncoding = 4; lastKnownFileType = sourcecode.c.h; path = NAOrlandoEffect.h; sourceTree = "<group>"; };
		5DF0AF6F15E39BE40093C081 /* NAOrlandoEffect.m */ = {isa = PBXFileReference; fileEncoding = 4; lastKnownFileType = sourcecode.c.objc; path = NAOrlandoEffect.m; sourceTree = "<group>"; };
		5DF0AF7015E39BE40093C081 /* NAPixelateEffect.h */ = {isa = PBXFileReference; fileEncoding = 4; lastKnownFileType = sourcecode.c.h; path = NAPixelateEffect.h; sourceTree = "<group>"; };
		5DF0AF7115E39BE40093C081 /* NAPixelateEffect.m */ = {isa = PBXFileReference; fileEncoding = 4; lastKnownFileType = sourcecode.c.objc; path = NAPixelateEffect.m; sourceTree = "<group>"; };
		5DF0AF7215E39BE40093C081 /* NASplitTone.h */ = {isa = PBXFileReference; fileEncoding = 4; lastKnownFileType = sourcecode.c.h; path = NASplitTone.h; sourceTree = "<group>"; };
		5DF0AF7315E39BE40093C081 /* NASplitTone.m */ = {isa = PBXFileReference; fileEncoding = 4; lastKnownFileType = sourcecode.c.objc; path = NASplitTone.m; sourceTree = "<group>"; };
		5DF0AF7415E39BE40093C081 /* NAToasterEffect.h */ = {isa = PBXFileReference; fileEncoding = 4; lastKnownFileType = sourcecode.c.h; path = NAToasterEffect.h; sourceTree = "<group>"; };
		5DF0AF7515E39BE40093C081 /* NAToasterEffect.m */ = {isa = PBXFileReference; fileEncoding = 4; lastKnownFileType = sourcecode.c.objc; path = NAToasterEffect.m; sourceTree = "<group>"; };
		5DF0AF7615E39BE40093C081 /* NAWonderEffect.h */ = {isa = PBXFileReference; fileEncoding = 4; lastKnownFileType = sourcecode.c.h; path = NAWonderEffect.h; sourceTree = "<group>"; };
		5DF0AF7715E39BE40093C081 /* NAWonderEffect.m */ = {isa = PBXFileReference; fileEncoding = 4; lastKnownFileType = sourcecode.c.objc; path = NAWonderEffect.m; sourceTree = "<group>"; };
		5DF0AF7815E39BE40093C081 /* NAZProEffect.h */ = {isa = PBXFileReference; fileEncoding = 4; lastKnownFileType = sourcecode.c.h; path = NAZProEffect.h; sourceTree = "<group>"; };
		5DF0AF7915E39BE40093C081 /* NAZProEffect.m */ = {isa = PBXFileReference; fileEncoding = 4; lastKnownFileType = sourcecode.c.objc; path = NAZProEffect.m; sourceTree = "<group>"; };
		5DF0AFA715E39C590093C081 /* CoreImage.framework */ = {isa = PBXFileReference; lastKnownFileType = wrapper.framework; name = CoreImage.framework; path = System/Library/Frameworks/CoreImage.framework; sourceTree = SDKROOT; };
		5DF0AFA915E39C5F0093C081 /* AVFoundation.framework */ = {isa = PBXFileReference; lastKnownFileType = wrapper.framework; name = AVFoundation.framework; path = System/Library/Frameworks/AVFoundation.framework; sourceTree = SDKROOT; };
		5DF0AFAB15E39C6B0093C081 /* CoreMedia.framework */ = {isa = PBXFileReference; lastKnownFileType = wrapper.framework; name = CoreMedia.framework; path = System/Library/Frameworks/CoreMedia.framework; sourceTree = SDKROOT; };
		5DF0AFAD15E39C740093C081 /* MobileCoreServices.framework */ = {isa = PBXFileReference; lastKnownFileType = wrapper.framework; name = MobileCoreServices.framework; path = System/Library/Frameworks/MobileCoreServices.framework; sourceTree = SDKROOT; };
		5DF0AFAF15E39C7D0093C081 /* CoreVideo.framework */ = {isa = PBXFileReference; lastKnownFileType = wrapper.framework; name = CoreVideo.framework; path = System/Library/Frameworks/CoreVideo.framework; sourceTree = SDKROOT; };
		5DF0AFB115E39CDC0093C081 /* ExpandableNavigation.h */ = {isa = PBXFileReference; fileEncoding = 4; lastKnownFileType = sourcecode.c.h; path = ExpandableNavigation.h; sourceTree = "<group>"; };
		5DF0AFB215E39CDC0093C081 /* ExpandableNavigation.m */ = {isa = PBXFileReference; fileEncoding = 4; lastKnownFileType = sourcecode.c.objc; path = ExpandableNavigation.m; sourceTree = "<group>"; };
		5DF0AFB415E39D0E0093C081 /* TMMaskView.h */ = {isa = PBXFileReference; fileEncoding = 4; lastKnownFileType = sourcecode.c.h; path = TMMaskView.h; sourceTree = "<group>"; };
		5DF0AFB515E39D0E0093C081 /* TMMaskView.m */ = {isa = PBXFileReference; fileEncoding = 4; lastKnownFileType = sourcecode.c.objc; path = TMMaskView.m; sourceTree = "<group>"; };
		5DF0AFB715E39DBB0093C081 /* XTPhotoPostController.h */ = {isa = PBXFileReference; fileEncoding = 4; lastKnownFileType = sourcecode.c.h; path = XTPhotoPostController.h; sourceTree = "<group>"; };
		5DF0AFB815E39DBB0093C081 /* XTPhotoPostController.m */ = {isa = PBXFileReference; fileEncoding = 4; lastKnownFileType = sourcecode.c.objc; path = XTPhotoPostController.m; sourceTree = "<group>"; };
		5DF0AFBA15E3A27F0093C081 /* addcamera.png */ = {isa = PBXFileReference; lastKnownFileType = image.png; path = addcamera.png; sourceTree = "<group>"; };
		5DF0AFBB15E3A27F0093C081 /* addcamera@2x.png */ = {isa = PBXFileReference; lastKnownFileType = image.png; path = "addcamera@2x.png"; sourceTree = "<group>"; };
		5DF0AFBC15E3A27F0093C081 /* addthought.png */ = {isa = PBXFileReference; lastKnownFileType = image.png; path = addthought.png; sourceTree = "<group>"; };
		5DF0AFBD15E3A27F0093C081 /* addthought@2x.png */ = {isa = PBXFileReference; lastKnownFileType = image.png; path = "addthought@2x.png"; sourceTree = "<group>"; };
/* End PBXFileReference section */

/* Begin PBXFrameworksBuildPhase section */
		5D8AFF8815DFBA39004241D5 /* Frameworks */ = {
			isa = PBXFrameworksBuildPhase;
			buildActionMask = 2147483647;
			files = (
				5DF0AFB015E39C7E0093C081 /* CoreVideo.framework in Frameworks */,
				5DF0AFAE15E39C740093C081 /* MobileCoreServices.framework in Frameworks */,
				5DF0AFAC15E39C6B0093C081 /* CoreMedia.framework in Frameworks */,
				5DF0AFAA15E39C5F0093C081 /* AVFoundation.framework in Frameworks */,
				5DF0AFA815E39C590093C081 /* CoreImage.framework in Frameworks */,
				5D8E634D15DFEB9100DC11FF /* CoreText.framework in Frameworks */,
				5D8AFFCA15DFD2D9004241D5 /* libz.dylib in Frameworks */,
				5D8AFFC815DFD2C3004241D5 /* QuartzCore.framework in Frameworks */,
				5D8AFF9015DFBA39004241D5 /* UIKit.framework in Frameworks */,
				5D8AFF9215DFBA39004241D5 /* Foundation.framework in Frameworks */,
				5D8AFF9415DFBA39004241D5 /* CoreGraphics.framework in Frameworks */,
				5D8AFF9615DFBA39004241D5 /* CoreData.framework in Frameworks */,
				5D8AFFBF15DFD151004241D5 /* libTestFlight.a in Frameworks */,
			);
			runOnlyForDeploymentPostprocessing = 0;
		};
/* End PBXFrameworksBuildPhase section */

/* Begin PBXGroup section */
		5D8AFF8015DFBA39004241D5 = {
			isa = PBXGroup;
			children = (
				5DA766BB15E462C500CF69FA /* 57.png */,
				5DA766B915E462AA00CF69FA /* 512_round 2.png */,
				5DC2586315E0DDDD007F6EEE /* Default.png */,
				5DC2586115E0DDC1007F6EEE /* Default@2x.png */,
				5DC2585F15E0DD9A007F6EEE /* Icon.png */,
				5DC2585D15E0DD94007F6EEE /* Icon@2x.png */,
				5D8AFFAB15DFBABE004241D5 /* third party */,
				5D8AFF9715DFBA39004241D5 /* xtendr */,
				5D8AFF8E15DFBA39004241D5 /* Frameworks */,
				5D8AFF8C15DFBA39004241D5 /* Products */,
			);
			sourceTree = "<group>";
		};
		5D8AFF8C15DFBA39004241D5 /* Products */ = {
			isa = PBXGroup;
			children = (
				5D8AFF8B15DFBA39004241D5 /* xtendr.app */,
			);
			name = Products;
			sourceTree = "<group>";
		};
		5D8AFF8E15DFBA39004241D5 /* Frameworks */ = {
			isa = PBXGroup;
			children = (
				5DF0AFAF15E39C7D0093C081 /* CoreVideo.framework */,
				5DF0AFAD15E39C740093C081 /* MobileCoreServices.framework */,
				5DF0AFAB15E39C6B0093C081 /* CoreMedia.framework */,
				5DF0AFA915E39C5F0093C081 /* AVFoundation.framework */,
				5DF0AFA715E39C590093C081 /* CoreImage.framework */,
				5D8E634C15DFEB9100DC11FF /* CoreText.framework */,
				5D8AFFC915DFD2D9004241D5 /* libz.dylib */,
				5D8AFFC715DFD2C3004241D5 /* QuartzCore.framework */,
				5D8AFF8F15DFBA39004241D5 /* UIKit.framework */,
				5D8AFF9115DFBA39004241D5 /* Foundation.framework */,
				5D8AFF9315DFBA39004241D5 /* CoreGraphics.framework */,
				5D8AFF9515DFBA39004241D5 /* CoreData.framework */,
			);
			name = Frameworks;
			sourceTree = "<group>";
		};
		5D8AFF9715DFBA39004241D5 /* xtendr */ = {
			isa = PBXGroup;
			children = (
				5DA766A515E40A2E00CF69FA /* search */,
				5DF0AF3415E2A9490093C081 /* feedback */,
				5DF0AEF915E14F130093C081 /* settings */,
				5DC2586515E0EC66007F6EEE /* models */,
				5DC60FC415E0575900DC96C5 /* newpost */,
				5D8AFFE615DFDB96004241D5 /* graphics */,
				5D8AFFCB15DFD3AA004241D5 /* leftpanel */,
				5D01FF7915DFE9F60048F364 /* NSAttributedString+heightforrect.h */,
				5D01FF7A15DFE9F60048F364 /* NSAttributedString+heightforrect.m */,
				5D8AFFB315DFBAFA004241D5 /* startup screens */,
				5D8AFF9815DFBA39004241D5 /* Supporting Files */,
				5D8AFFE215DFD783004241D5 /* timeline */,
				5D8E635815DFF58500DC11FF /* userprofile */,
				5DA766AC15E4412900CF69FA /* hashtagview */,
				5D8AFFA015DFBA39004241D5 /* XTAppDelegate.h */,
				5D8AFFA115DFBA39004241D5 /* XTAppDelegate.m */,
				5D8AFFA315DFBA39004241D5 /* xtendr.xcdatamodeld */,
				5D8AFFCF15DFD474004241D5 /* XTProfileController.h */,
				5D8AFFD015DFD474004241D5 /* XTProfileController.m */,
				5D8E637215E01BB500DC11FF /* XTHTTPClient.h */,
				5D8E637315E01BB500DC11FF /* XTHTTPClient.m */,
				5DC2587215E1141D007F6EEE /* XTPostController.h */,
				5DC2587315E1141D007F6EEE /* XTPostController.m */,
				5DC2587515E11429007F6EEE /* XTUserController.h */,
				5DC2587615E11429007F6EEE /* XTUserController.m */,
			);
			path = xtendr;
			sourceTree = "<group>";
		};
		5D8AFF9815DFBA39004241D5 /* Supporting Files */ = {
			isa = PBXGroup;
			children = (
				5D8AFF9915DFBA39004241D5 /* xtendr-Info.plist */,
				5D8AFF9A15DFBA39004241D5 /* InfoPlist.strings */,
				5D8AFF9D15DFBA39004241D5 /* main.m */,
				5D8AFF9F15DFBA39004241D5 /* xtendr-Prefix.pch */,
			);
			name = "Supporting Files";
			sourceTree = "<group>";
		};
		5D8AFFAB15DFBABE004241D5 /* third party */ = {
			isa = PBXGroup;
			children = (
				5DF0AFB415E39D0E0093C081 /* TMMaskView.h */,
				5DF0AFB515E39D0E0093C081 /* TMMaskView.m */,
				5DF0AFB115E39CDC0093C081 /* ExpandableNavigation.h */,
				5DF0AFB215E39CDC0093C081 /* ExpandableNavigation.m */,
				5DF0AF3F15E39BE40093C081 /* newcamera */,
				5D8E636815E00DA300DC11FF /* TMHTTPClient */,
				5D01FF8915DFEA5D0048F364 /* TTTAttributedLabel.m */,
				5D01FF8715DFEA420048F364 /* TTTAttributedLabel.h */,
				5D8AFFC015DFD21A004241D5 /* TMDiskCache */,
				5D8AFFBC15DFD151004241D5 /* testflight */,
				5D8AFFAC15DFBAD6004241D5 /* ViewDeck */,
				5DF0AF3C15E381E60093C081 /* TMImgurUploader.h */,
				5DF0AF3D15E381E60093C081 /* TMImgurUploader.m */,
			);
			path = "third party";
			sourceTree = "<group>";
		};
		5D8AFFAC15DFBAD6004241D5 /* ViewDeck */ = {
			isa = PBXGroup;
			children = (
				5D8AFFAD15DFBAD6004241D5 /* IIViewDeckController.h */,
				5D8AFFAE15DFBAD6004241D5 /* IIViewDeckController.m */,
				5D8AFFAF15DFBAD6004241D5 /* WrapController.h */,
				5D8AFFB015DFBAD6004241D5 /* WrapController.m */,
			);
			path = ViewDeck;
			sourceTree = "<group>";
		};
		5D8AFFB315DFBAFA004241D5 /* startup screens */ = {
			isa = PBXGroup;
			children = (
				5D8AFFB415DFBB21004241D5 /* XTNoCredentialsViewController.h */,
				5D8AFFB515DFBB21004241D5 /* XTNoCredentialsViewController.m */,
				5D8AFFB715DFCBC9004241D5 /* XTSignInViewController.h */,
				5D8AFFB815DFCBC9004241D5 /* XTSignInViewController.m */,
				5D8AFFB915DFCBC9004241D5 /* XTSignInViewController.xib */,
			);
			name = "startup screens";
			sourceTree = "<group>";
		};
		5D8AFFBC15DFD151004241D5 /* testflight */ = {
			isa = PBXGroup;
			children = (
				5D8AFFBD15DFD151004241D5 /* libTestFlight.a */,
				5D8AFFBE15DFD151004241D5 /* TestFlight.h */,
			);
			path = testflight;
			sourceTree = "<group>";
		};
		5D8AFFC015DFD21A004241D5 /* TMDiskCache */ = {
			isa = PBXGroup;
			children = (
				5D8AFFC115DFD21A004241D5 /* TMDiskCache.h */,
				5D8AFFC215DFD21A004241D5 /* TMDiskCache.m */,
				5D8AFFC315DFD21A004241D5 /* UIImageView+NetworkLoad.h */,
				5D8AFFC415DFD21A004241D5 /* UIImageView+NetworkLoad.m */,
			);
			path = TMDiskCache;
			sourceTree = "<group>";
		};
		5D8AFFCB15DFD3AA004241D5 /* leftpanel */ = {
			isa = PBXGroup;
			children = (
				5D8AFFD215DFD584004241D5 /* BadgeLabel.h */,
				5D8AFFD315DFD584004241D5 /* BadgeLabel.m */,
				5D8AFFD415DFD584004241D5 /* leftpanel-chevron.png */,
				5D8AFFD515DFD584004241D5 /* leftpanel-chevron@2x.png */,
				5D8AFFD615DFD584004241D5 /* leftpanelback.png */,
				5D8AFFD715DFD584004241D5 /* leftpanelback@2x.png */,
				5D8AFFD815DFD584004241D5 /* XTLeftPanelCell.h */,
				5D8AFFD915DFD584004241D5 /* XTLeftPanelCell.m */,
				5D8AFFDA15DFD584004241D5 /* XTLeftPanelCell.xib */,
				5D8AFFCC15DFD3C0004241D5 /* XTLeftPanelViewController.h */,
				5D8AFFCD15DFD3C0004241D5 /* XTLeftPanelViewController.m */,
			);
			path = leftpanel;
			sourceTree = "<group>";
		};
		5D8AFFE215DFD783004241D5 /* timeline */ = {
			isa = PBXGroup;
			children = (
				5DF0AFBA15E3A27F0093C081 /* addcamera.png */,
				5DF0AFBB15E3A27F0093C081 /* addcamera@2x.png */,
				5DF0AFBC15E3A27F0093C081 /* addthought.png */,
				5DF0AFBD15E3A27F0093C081 /* addthought@2x.png */,
				5DF0AF0A15E285B90093C081 /* quickreply.png */,
				5DF0AF0B15E285BA0093C081 /* quickreply@2x.png */,
				5DC2587815E11531007F6EEE /* whitedot.png */,
				5DC2587915E11531007F6EEE /* whitedot@2x.png */,
				5D8E635615DFF03C00DC11FF /* unknown.png */,
				5D8E635215DFEE1700DC11FF /* addplus.png */,
				5D8E635315DFEE1700DC11FF /* addplus@2x.png */,
				5D8E634E15DFED0E00DC11FF /* anonprofilepic.png */,
				5D8E634F15DFED0E00DC11FF /* anonprofilepic@2x.png */,
				5D8AFFFC15DFE4F4004241D5 /* addpostbutton.png */,
				5D8AFFFD15DFE4F4004241D5 /* addpostbutton@2x.png */,
				5D8AFFF815DFE439004241D5 /* post-thoughtbubble.png */,
				5D8AFFF915DFE439004241D5 /* post-thoughtbubble@2x.png */,
				5D8AFFF415DFE175004241D5 /* timelineback.png */,
				5D8AFFF515DFE175004241D5 /* timelineback@2x.png */,
				5D8A000015DFE57B004241D5 /* XTTimelineCell.h */,
				5D8A000115DFE57B004241D5 /* XTTimelineCell.m */,
				5D8AFFEF15DFE045004241D5 /* XTTimelineCell.xib */,
				5D8AFFF115DFE119004241D5 /* XTTimelineViewController.h */,
				5D8AFFF215DFE119004241D5 /* XTTimelineViewController.m */,
				5DC60FC115E03C7600DC96C5 /* XTTimelineHeader.xib */,
			);
			path = timeline;
			sourceTree = "<group>";
		};
		5D8AFFE615DFDB96004241D5 /* graphics */ = {
			isa = PBXGroup;
			children = (
				5DF0AF3815E2ACB50093C081 /* brownlinen.png */,
				5DF0AF3915E2ACB50093C081 /* brownlinen@2x.png */,
				5D8E635E15DFFB4500DC11FF /* navigationbar.png */,
				5D8E635F15DFFB4500DC11FF /* navigationbar@2x.png */,
				5D8AFFE715DFDB96004241D5 /* nav-menu-icon-active.png */,
				5D8AFFE815DFDB96004241D5 /* nav-menu-icon-active@2x.png */,
				5D8AFFE915DFDB96004241D5 /* nav-menu-icon.png */,
				5D8AFFEA15DFDB96004241D5 /* nav-menu-icon@2x.png */,
				5D8E636415DFFFD200DC11FF /* headerdimmer@2x.png */,
				5D8E636515DFFFD200DC11FF /* headerdimmer.png */,
			);
			path = graphics;
			sourceTree = "<group>";
		};
		5D8E635815DFF58500DC11FF /* userprofile */ = {
			isa = PBXGroup;
			children = (
				5D8E636215DFFD4300DC11FF /* unicorn.jpg */,
				5D8E635915DFF61000DC11FF /* XTProfileViewController.h */,
				5D8E635A15DFF61000DC11FF /* XTProfileViewController.m */,
				5D8E635C15DFF91C00DC11FF /* XTProfileHeader.xib */,
			);
			path = userprofile;
			sourceTree = "<group>";
		};
		5D8E636815E00DA300DC11FF /* TMHTTPClient */ = {
			isa = PBXGroup;
			children = (
				5D8E636F15E0139D00DC11FF /* TMNetworkActivityIndicatorManager.h */,
				5D8E637015E0139D00DC11FF /* TMNetworkActivityIndicatorManager.m */,
				5D8E636915E00F1900DC11FF /* TMHTTPClient.h */,
				5D8E636A15E00F1900DC11FF /* TMHTTPClient.m */,
				5D8E636C15E00F3600DC11FF /* TMHTTPRequest.h */,
				5D8E636D15E00F3600DC11FF /* TMHTTPRequest.m */,
			);
			path = TMHTTPClient;
			sourceTree = "<group>";
		};
		5DA766A515E40A2E00CF69FA /* search */ = {
			isa = PBXGroup;
			children = (
				5DA766A615E40A4400CF69FA /* XTSearchViewController.h */,
				5DA766A715E40A4400CF69FA /* XTSearchViewController.m */,
			);
			path = search;
			sourceTree = "<group>";
		};
		5DA766AC15E4412900CF69FA /* hashtagview */ = {
			isa = PBXGroup;
			children = (
				5DA766AD15E4414100CF69FA /* XTHashTagViewController.h */,
				5DA766AE15E4414100CF69FA /* XTHashTagViewController.m */,
			);
			path = hashtagview;
			sourceTree = "<group>";
		};
		5DC2586515E0EC66007F6EEE /* models */ = {
			isa = PBXGroup;
			children = (
				5DC2587C15E11942007F6EEE /* Post+coolstuff.h */,
				5DC2587D15E11942007F6EEE /* Post+coolstuff.m */,
				5DC2586F15E0F912007F6EEE /* Post.h */,
				5DC2587015E0F912007F6EEE /* Post.m */,
				5DC2587F15E1197E007F6EEE /* User+coolstuff.h */,
				5DC2588015E1197F007F6EEE /* User+coolstuff.m */,
				5DC2586C15E0F8F6007F6EEE /* User.h */,
				5DC2586D15E0F8F7007F6EEE /* User.m */,
				5DC2586915E0EDB3007F6EEE /* XTImageObject.h */,
				5DC2586A15E0EDB3007F6EEE /* XTImageObject.m */,
				5DC2586615E0EC78007F6EEE /* XTProfileUser.h */,
				5DC2586715E0EC78007F6EEE /* XTProfileUser.m */,
				5DF0AF1115E288300093C081 /* XTMention.h */,
				5DF0AF1215E288300093C081 /* XTMention.m */,
				5DA766A915E43E9200CF69FA /* XTHashTag.h */,
				5DA766AA15E43E9200CF69FA /* XTHashTag.m */,
			);
			path = models;
			sourceTree = "<group>";
		};
		5DC60FC415E0575900DC96C5 /* newpost */ = {
			isa = PBXGroup;
			children = (
				5DF0AFB715E39DBB0093C081 /* XTPhotoPostController.h */,
				5DF0AFB815E39DBB0093C081 /* XTPhotoPostController.m */,
				5DC60FC515E0579600DC96C5 /* XTNewPostViewController.h */,
				5DC60FC615E0579600DC96C5 /* XTNewPostViewController.m */,
				5DC60FC815E0584900DC96C5 /* XTNewPostCell.xib */,
				5DC60FCA15E0585B00DC96C5 /* XTNewPostCell.h */,
				5DC60FCB15E0585B00DC96C5 /* XTNewPostCell.m */,
			);
			path = newpost;
			sourceTree = "<group>";
		};
		5DF0AEF915E14F130093C081 /* settings */ = {
			isa = PBXGroup;
			children = (
				5DF0AEFB15E14F250093C081 /* XTSettingsViewController.h */,
				5DF0AEFC15E14F250093C081 /* XTSettingsViewController.m */,
			);
			path = settings;
			sourceTree = "<group>";
		};
		5DF0AF3415E2A9490093C081 /* feedback */ = {
			isa = PBXGroup;
			children = (
				5DF0AF3515E2A95A0093C081 /* XTFeedbackViewController.h */,
				5DF0AF3615E2A95A0093C081 /* XTFeedbackViewController.m */,
			);
			path = feedback;
			sourceTree = "<group>";
		};
		5DF0AF3F15E39BE40093C081 /* newcamera */ = {
			isa = PBXGroup;
			children = (
				5DF0AF4015E39BE40093C081 /* graphics */,
				5DF0AF6215E39BE40093C081 /* NAArbusEffect.h */,
				5DF0AF6315E39BE40093C081 /* NAArbusEffect.m */,
				5DF0AF6415E39BE40093C081 /* NABluesImageEffect.h */,
				5DF0AF6515E39BE40093C081 /* NABluesImageEffect.m */,
				5DF0AF6615E39BE40093C081 /* NACaptureViewController.h */,
				5DF0AF6715E39BE40093C081 /* NACaptureViewController.m */,
				5DF0AF6815E39BE40093C081 /* NAClassicImageEffect.h */,
				5DF0AF6915E39BE40093C081 /* NAClassicImageEffect.m */,
				5DF0AF6A15E39BE40093C081 /* NAEffectsManager.h */,
				5DF0AF6B15E39BE40093C081 /* NAEffectsManager.m */,
				5DF0AF6C15E39BE40093C081 /* NAImageEffect.h */,
				5DF0AF6D15E39BE40093C081 /* NAImageEffect.m */,
				5DF0AF6E15E39BE40093C081 /* NAOrlandoEffect.h */,
				5DF0AF6F15E39BE40093C081 /* NAOrlandoEffect.m */,
				5DF0AF7015E39BE40093C081 /* NAPixelateEffect.h */,
				5DF0AF7115E39BE40093C081 /* NAPixelateEffect.m */,
				5DF0AF7215E39BE40093C081 /* NASplitTone.h */,
				5DF0AF7315E39BE40093C081 /* NASplitTone.m */,
				5DF0AF7415E39BE40093C081 /* NAToasterEffect.h */,
				5DF0AF7515E39BE40093C081 /* NAToasterEffect.m */,
				5DF0AF7615E39BE40093C081 /* NAWonderEffect.h */,
				5DF0AF7715E39BE40093C081 /* NAWonderEffect.m */,
				5DF0AF7815E39BE40093C081 /* NAZProEffect.h */,
				5DF0AF7915E39BE40093C081 /* NAZProEffect.m */,
			);
			path = newcamera;
			sourceTree = "<group>";
		};
		5DF0AF4015E39BE40093C081 /* graphics */ = {
			isa = PBXGroup;
			children = (
				5DF0AF4115E39BE40093C081 /* acceptphoto.png */,
				5DF0AF4215E39BE40093C081 /* acceptphoto@2x.png */,
				5DF0AF4315E39BE40093C081 /* CameraButtonBack.png */,
				5DF0AF4415E39BE40093C081 /* CameraButtonBack@2x.png */,
				5DF0AF4515E39BE40093C081 /* CameraButtonBackPressed.png */,
				5DF0AF4615E39BE40093C081 /* CameraButtonBackPressed@2x.png */,
				5DF0AF4715E39BE40093C081 /* cancelcapture.png */,
				5DF0AF4815E39BE40093C081 /* cancelcapture@2x.png */,
				5DF0AF4915E39BE40093C081 /* effectback.png */,
				5DF0AF4A15E39BE40093C081 /* effectback@2x.png */,
				5DF0AF4B15E39BE40093C081 /* library.png */,
				5DF0AF4C15E39BE40093C081 /* library@2x.png */,
				5DF0AF4D15E39BE40093C081 /* PLCameraButtonBarSilver.png */,
				5DF0AF4E15E39BE40093C081 /* PLCameraButtonBarSilver@2x.png */,
				5DF0AF4F15E39BE40093C081 /* PLCameraButtonBarSilverShadow.png */,
				5DF0AF5015E39BE40093C081 /* PLCameraButtonBarSilverShadow@2x.png */,
				5DF0AF5115E39BE40093C081 /* PLCameraButtonIcon.png */,
				5DF0AF5215E39BE40093C081 /* PLCameraButtonIcon@2x.png */,
				5DF0AF5315E39BE40093C081 /* PLCameraButtonIconLandscape.png */,
				5DF0AF5415E39BE40093C081 /* PLCameraButtonIconLandscape@2x.png */,
				5DF0AF5515E39BE40093C081 /* PLCameraButtonSilver.png */,
				5DF0AF5615E39BE40093C081 /* PLCameraButtonSilver@2x.png */,
				5DF0AF5715E39BE40093C081 /* PLCameraButtonSilverPressed.png */,
				5DF0AF5815E39BE40093C081 /* PLCameraButtonSilverPressed@2x.png */,
				5DF0AF5915E39BE40093C081 /* PLCameraToggleIcon.png */,
				5DF0AF5A15E39BE40093C081 /* PLCameraToggleIcon@2x.png */,
				5DF0AF5B15E39BE40093C081 /* PLFocusCrosshairsSmall1.png */,
				5DF0AF5C15E39BE40093C081 /* PLFocusCrosshairsSmall1@2x.png */,
				5DF0AF5D15E39BE40093C081 /* rejectphoto.png */,
				5DF0AF5E15E39BE40093C081 /* rejectphoto@2x.png */,
				5DF0AF5F15E39BE40093C081 /* showeffect.png */,
				5DF0AF6015E39BE40093C081 /* showeffect@2x.png */,
				5DF0AF6115E39BE40093C081 /* thumbnail.jpg */,
			);
			path = graphics;
			sourceTree = "<group>";
		};
/* End PBXGroup section */

/* Begin PBXNativeTarget section */
		5D8AFF8A15DFBA39004241D5 /* xtendr */ = {
			isa = PBXNativeTarget;
			buildConfigurationList = 5D8AFFA815DFBA39004241D5 /* Build configuration list for PBXNativeTarget "xtendr" */;
			buildPhases = (
				5D8AFF8715DFBA39004241D5 /* Sources */,
				5D8AFF8815DFBA39004241D5 /* Frameworks */,
				5D8AFF8915DFBA39004241D5 /* Resources */,
			);
			buildRules = (
			);
			dependencies = (
			);
			name = xtendr;
			productName = xtendr;
			productReference = 5D8AFF8B15DFBA39004241D5 /* xtendr.app */;
			productType = "com.apple.product-type.application";
		};
/* End PBXNativeTarget section */

/* Begin PBXProject section */
		5D8AFF8215DFBA39004241D5 /* Project object */ = {
			isa = PBXProject;
			attributes = {
				CLASSPREFIX = XT;
				LastUpgradeCheck = 0440;
				ORGANIZATIONNAME = "Tony Million";
			};
			buildConfigurationList = 5D8AFF8515DFBA39004241D5 /* Build configuration list for PBXProject "xtendr" */;
			compatibilityVersion = "Xcode 3.2";
			developmentRegion = English;
			hasScannedForEncodings = 0;
			knownRegions = (
				en,
			);
			mainGroup = 5D8AFF8015DFBA39004241D5;
			productRefGroup = 5D8AFF8C15DFBA39004241D5 /* Products */;
			projectDirPath = "";
			projectRoot = "";
			targets = (
				5D8AFF8A15DFBA39004241D5 /* xtendr */,
			);
		};
/* End PBXProject section */

/* Begin PBXResourcesBuildPhase section */
		5D8AFF8915DFBA39004241D5 /* Resources */ = {
			isa = PBXResourcesBuildPhase;
			buildActionMask = 2147483647;
			files = (
				5D8AFF9C15DFBA39004241D5 /* InfoPlist.strings in Resources */,
				5D8AFFBB15DFCBC9004241D5 /* XTSignInViewController.xib in Resources */,
				5D8AFFDC15DFD584004241D5 /* leftpanel-chevron.png in Resources */,
				5D8AFFDD15DFD584004241D5 /* leftpanel-chevron@2x.png in Resources */,
				5D8AFFDE15DFD584004241D5 /* leftpanelback.png in Resources */,
				5D8AFFDF15DFD584004241D5 /* leftpanelback@2x.png in Resources */,
				5D8AFFE115DFD584004241D5 /* XTLeftPanelCell.xib in Resources */,
				5D8AFFEB15DFDB96004241D5 /* nav-menu-icon-active.png in Resources */,
				5D8AFFEC15DFDB96004241D5 /* nav-menu-icon-active@2x.png in Resources */,
				5D8AFFED15DFDB96004241D5 /* nav-menu-icon.png in Resources */,
				5D8AFFEE15DFDB96004241D5 /* nav-menu-icon@2x.png in Resources */,
				5D8AFFF015DFE045004241D5 /* XTTimelineCell.xib in Resources */,
				5D8AFFF615DFE175004241D5 /* timelineback.png in Resources */,
				5D8AFFF715DFE175004241D5 /* timelineback@2x.png in Resources */,
				5D8AFFFA15DFE439004241D5 /* post-thoughtbubble.png in Resources */,
				5D8AFFFB15DFE439004241D5 /* post-thoughtbubble@2x.png in Resources */,
				5D8AFFFE15DFE4F4004241D5 /* addpostbutton.png in Resources */,
				5D8AFFFF15DFE4F4004241D5 /* addpostbutton@2x.png in Resources */,
				5D8E635015DFED0E00DC11FF /* anonprofilepic.png in Resources */,
				5D8E635115DFED0E00DC11FF /* anonprofilepic@2x.png in Resources */,
				5D8E635415DFEE1700DC11FF /* addplus.png in Resources */,
				5D8E635515DFEE1700DC11FF /* addplus@2x.png in Resources */,
				5D8E635715DFF03C00DC11FF /* unknown.png in Resources */,
				5D8E635D15DFF91C00DC11FF /* XTProfileHeader.xib in Resources */,
				5D8E636015DFFB4500DC11FF /* navigationbar.png in Resources */,
				5D8E636115DFFB4500DC11FF /* navigationbar@2x.png in Resources */,
				5D8E636315DFFD4300DC11FF /* unicorn.jpg in Resources */,
				5D8E636615DFFFD200DC11FF /* headerdimmer@2x.png in Resources */,
				5D8E636715DFFFD200DC11FF /* headerdimmer.png in Resources */,
				5DC60FC215E03C7600DC96C5 /* XTTimelineHeader.xib in Resources */,
				5DC60FC915E0584900DC96C5 /* XTNewPostCell.xib in Resources */,
				5DC2585E15E0DD94007F6EEE /* Icon@2x.png in Resources */,
				5DC2586015E0DD9A007F6EEE /* Icon.png in Resources */,
				5DC2586215E0DDC1007F6EEE /* Default@2x.png in Resources */,
				5DC2586415E0DDDD007F6EEE /* Default.png in Resources */,
				5DC2587A15E11531007F6EEE /* whitedot.png in Resources */,
				5DC2587B15E11531007F6EEE /* whitedot@2x.png in Resources */,
				5DF0AF0C15E285BA0093C081 /* quickreply.png in Resources */,
				5DF0AF0D15E285BA0093C081 /* quickreply@2x.png in Resources */,
				5DF0AF3A15E2ACB50093C081 /* brownlinen.png in Resources */,
				5DF0AF3B15E2ACB50093C081 /* brownlinen@2x.png in Resources */,
				5DF0AF7A15E39BE40093C081 /* acceptphoto.png in Resources */,
				5DF0AF7B15E39BE40093C081 /* acceptphoto@2x.png in Resources */,
				5DF0AF7C15E39BE40093C081 /* CameraButtonBack.png in Resources */,
				5DF0AF7D15E39BE40093C081 /* CameraButtonBack@2x.png in Resources */,
				5DF0AF7E15E39BE40093C081 /* CameraButtonBackPressed.png in Resources */,
				5DF0AF7F15E39BE40093C081 /* CameraButtonBackPressed@2x.png in Resources */,
				5DF0AF8015E39BE40093C081 /* cancelcapture.png in Resources */,
				5DF0AF8115E39BE40093C081 /* cancelcapture@2x.png in Resources */,
				5DF0AF8215E39BE40093C081 /* effectback.png in Resources */,
				5DF0AF8315E39BE40093C081 /* effectback@2x.png in Resources */,
				5DF0AF8415E39BE40093C081 /* library.png in Resources */,
				5DF0AF8515E39BE40093C081 /* library@2x.png in Resources */,
				5DF0AF8615E39BE40093C081 /* PLCameraButtonBarSilver.png in Resources */,
				5DF0AF8715E39BE40093C081 /* PLCameraButtonBarSilver@2x.png in Resources */,
				5DF0AF8815E39BE40093C081 /* PLCameraButtonBarSilverShadow.png in Resources */,
				5DF0AF8915E39BE40093C081 /* PLCameraButtonBarSilverShadow@2x.png in Resources */,
				5DF0AF8A15E39BE40093C081 /* PLCameraButtonIcon.png in Resources */,
				5DF0AF8B15E39BE40093C081 /* PLCameraButtonIcon@2x.png in Resources */,
				5DF0AF8C15E39BE40093C081 /* PLCameraButtonIconLandscape.png in Resources */,
				5DF0AF8D15E39BE40093C081 /* PLCameraButtonIconLandscape@2x.png in Resources */,
				5DF0AF8E15E39BE40093C081 /* PLCameraButtonSilver.png in Resources */,
				5DF0AF8F15E39BE40093C081 /* PLCameraButtonSilver@2x.png in Resources */,
				5DF0AF9015E39BE40093C081 /* PLCameraButtonSilverPressed.png in Resources */,
				5DF0AF9115E39BE40093C081 /* PLCameraButtonSilverPressed@2x.png in Resources */,
				5DF0AF9215E39BE40093C081 /* PLCameraToggleIcon.png in Resources */,
				5DF0AF9315E39BE40093C081 /* PLCameraToggleIcon@2x.png in Resources */,
				5DF0AF9415E39BE40093C081 /* PLFocusCrosshairsSmall1.png in Resources */,
				5DF0AF9515E39BE40093C081 /* PLFocusCrosshairsSmall1@2x.png in Resources */,
				5DF0AF9615E39BE40093C081 /* rejectphoto.png in Resources */,
				5DF0AF9715E39BE40093C081 /* rejectphoto@2x.png in Resources */,
				5DF0AF9815E39BE40093C081 /* showeffect.png in Resources */,
				5DF0AF9915E39BE40093C081 /* showeffect@2x.png in Resources */,
				5DF0AF9A15E39BE40093C081 /* thumbnail.jpg in Resources */,
				5DF0AFBF15E3A27F0093C081 /* addcamera.png in Resources */,
				5DF0AFC015E3A27F0093C081 /* addcamera@2x.png in Resources */,
				5DF0AFC115E3A27F0093C081 /* addthought.png in Resources */,
				5DF0AFC215E3A27F0093C081 /* addthought@2x.png in Resources */,
				5DA766BA15E462AA00CF69FA /* 512_round 2.png in Resources */,
				5DA766BC15E462C500CF69FA /* 57.png in Resources */,
			);
			runOnlyForDeploymentPostprocessing = 0;
		};
/* End PBXResourcesBuildPhase section */

/* Begin PBXSourcesBuildPhase section */
		5D8AFF8715DFBA39004241D5 /* Sources */ = {
			isa = PBXSourcesBuildPhase;
			buildActionMask = 2147483647;
			files = (
				5D8AFF9E15DFBA39004241D5 /* main.m in Sources */,
				5D8AFFA215DFBA39004241D5 /* XTAppDelegate.m in Sources */,
				5D8AFFA515DFBA39004241D5 /* xtendr.xcdatamodeld in Sources */,
				5D8AFFB115DFBAD6004241D5 /* IIViewDeckController.m in Sources */,
				5D8AFFB215DFBAD6004241D5 /* WrapController.m in Sources */,
				5D8AFFB615DFBB21004241D5 /* XTNoCredentialsViewController.m in Sources */,
				5D8AFFBA15DFCBC9004241D5 /* XTSignInViewController.m in Sources */,
				5D8AFFC515DFD21A004241D5 /* TMDiskCache.m in Sources */,
				5D8AFFC615DFD21A004241D5 /* UIImageView+NetworkLoad.m in Sources */,
				5D8AFFCE15DFD3C0004241D5 /* XTLeftPanelViewController.m in Sources */,
				5D8AFFD115DFD474004241D5 /* XTProfileController.m in Sources */,
				5D8AFFDB15DFD584004241D5 /* BadgeLabel.m in Sources */,
				5D8AFFE015DFD584004241D5 /* XTLeftPanelCell.m in Sources */,
				5D8AFFF315DFE119004241D5 /* XTTimelineViewController.m in Sources */,
				5D8A000215DFE57B004241D5 /* XTTimelineCell.m in Sources */,
				5D01FF7B15DFE9F60048F364 /* NSAttributedString+heightforrect.m in Sources */,
				5D01FF8A15DFEA5D0048F364 /* TTTAttributedLabel.m in Sources */,
				5D8E635B15DFF61000DC11FF /* XTProfileViewController.m in Sources */,
				5D8E636B15E00F1900DC11FF /* TMHTTPClient.m in Sources */,
				5D8E636E15E00F3600DC11FF /* TMHTTPRequest.m in Sources */,
				5D8E637115E0139D00DC11FF /* TMNetworkActivityIndicatorManager.m in Sources */,
				5D8E637415E01BB500DC11FF /* XTHTTPClient.m in Sources */,
				5DC60FC715E0579600DC96C5 /* XTNewPostViewController.m in Sources */,
				5DC60FCC15E0585B00DC96C5 /* XTNewPostCell.m in Sources */,
				5DC2586815E0EC78007F6EEE /* XTProfileUser.m in Sources */,
				5DC2586B15E0EDB3007F6EEE /* XTImageObject.m in Sources */,
				5DC2586E15E0F8F7007F6EEE /* User.m in Sources */,
				5DC2587115E0F912007F6EEE /* Post.m in Sources */,
				5DC2587415E1141D007F6EEE /* XTPostController.m in Sources */,
				5DC2587715E11429007F6EEE /* XTUserController.m in Sources */,
				5DC2587E15E11942007F6EEE /* Post+coolstuff.m in Sources */,
				5DC2588115E1197F007F6EEE /* User+coolstuff.m in Sources */,
				5DF0AEFD15E14F250093C081 /* XTSettingsViewController.m in Sources */,
				5DF0AF1315E288300093C081 /* XTMention.m in Sources */,
				5DF0AF3715E2A95A0093C081 /* XTFeedbackViewController.m in Sources */,
				5DF0AF3E15E381E60093C081 /* TMImgurUploader.m in Sources */,
				5DF0AF9B15E39BE40093C081 /* NAArbusEffect.m in Sources */,
				5DF0AF9C15E39BE40093C081 /* NABluesImageEffect.m in Sources */,
				5DF0AF9D15E39BE40093C081 /* NACaptureViewController.m in Sources */,
				5DF0AF9E15E39BE40093C081 /* NAClassicImageEffect.m in Sources */,
				5DF0AF9F15E39BE40093C081 /* NAEffectsManager.m in Sources */,
				5DF0AFA015E39BE40093C081 /* NAImageEffect.m in Sources */,
				5DF0AFA115E39BE40093C081 /* NAOrlandoEffect.m in Sources */,
				5DF0AFA215E39BE40093C081 /* NAPixelateEffect.m in Sources */,
				5DF0AFA315E39BE40093C081 /* NASplitTone.m in Sources */,
				5DF0AFA415E39BE40093C081 /* NAToasterEffect.m in Sources */,
				5DF0AFA515E39BE40093C081 /* NAWonderEffect.m in Sources */,
				5DF0AFA615E39BE40093C081 /* NAZProEffect.m in Sources */,
				5DF0AFB315E39CDC0093C081 /* ExpandableNavigation.m in Sources */,
				5DF0AFB615E39D0E0093C081 /* TMMaskView.m in Sources */,
				5DF0AFB915E39DBB0093C081 /* XTPhotoPostController.m in Sources */,
				5DA766A815E40A4400CF69FA /* XTSearchViewController.m in Sources */,
				5DA766AB15E43E9200CF69FA /* XTHashTag.m in Sources */,
				5DA766AF15E4414100CF69FA /* XTHashTagViewController.m in Sources */,
			);
			runOnlyForDeploymentPostprocessing = 0;
		};
/* End PBXSourcesBuildPhase section */

/* Begin PBXVariantGroup section */
		5D8AFF9A15DFBA39004241D5 /* InfoPlist.strings */ = {
			isa = PBXVariantGroup;
			children = (
				5D8AFF9B15DFBA39004241D5 /* en */,
			);
			name = InfoPlist.strings;
			sourceTree = "<group>";
		};
/* End PBXVariantGroup section */

/* Begin XCBuildConfiguration section */
		5D71284215E06AA000DA0DEE /* Release_adhoc */ = {
			isa = XCBuildConfiguration;
			buildSettings = {
				ALWAYS_SEARCH_USER_PATHS = NO;
				ARCHS = "$(ARCHS_STANDARD_32_BIT)";
				CLANG_CXX_LANGUAGE_STANDARD = "gnu++0x";
				CLANG_ENABLE_OBJC_ARC = YES;
				CLANG_WARN__DUPLICATE_METHOD_MATCH = YES;
				"CODE_SIGN_IDENTITY[sdk=iphoneos*]" = "iPhone Developer";
				COPY_PHASE_STRIP = YES;
				GCC_C_LANGUAGE_STANDARD = gnu99;
				GCC_VERSION = com.apple.compilers.llvm.clang.1_0;
				GCC_WARN_ABOUT_RETURN_TYPE = YES;
				GCC_WARN_UNINITIALIZED_AUTOS = YES;
				GCC_WARN_UNUSED_VARIABLE = YES;
				IPHONEOS_DEPLOYMENT_TARGET = 5.1;
				OTHER_CFLAGS = "-DNS_BLOCK_ASSERTIONS=1";
				SDKROOT = iphoneos;
				VALIDATE_PRODUCT = YES;
			};
			name = Release_adhoc;
		};
		5D71284315E06AA000DA0DEE /* Release_adhoc */ = {
			isa = XCBuildConfiguration;
			buildSettings = {
				"CODE_SIGN_IDENTITY[sdk=iphoneos*]" = "iPhone Distribution";
				GCC_PRECOMPILE_PREFIX_HEADER = YES;
				GCC_PREFIX_HEADER = "xtendr/xtendr-Prefix.pch";
				INFOPLIST_FILE = "xtendr/xtendr-Info.plist";
				IPHONEOS_DEPLOYMENT_TARGET = 5.0;
				LIBRARY_SEARCH_PATHS = (
					"$(inherited)",
					"\"$(SRCROOT)/third party/testflight\"",
				);
				PRODUCT_NAME = "$(TARGET_NAME)";
				"PROVISIONING_PROFILE[sdk=iphoneos*]" = "";
				WRAPPER_EXTENSION = app;
			};
			name = Release_adhoc;
		};
		5D8AFFA615DFBA39004241D5 /* Debug */ = {
			isa = XCBuildConfiguration;
			buildSettings = {
				ALWAYS_SEARCH_USER_PATHS = NO;
				ARCHS = "$(ARCHS_STANDARD_32_BIT)";
				CLANG_CXX_LANGUAGE_STANDARD = "gnu++0x";
				CLANG_ENABLE_OBJC_ARC = YES;
				CLANG_WARN__DUPLICATE_METHOD_MATCH = YES;
				"CODE_SIGN_IDENTITY[sdk=iphoneos*]" = "iPhone Developer";
				COPY_PHASE_STRIP = NO;
				GCC_C_LANGUAGE_STANDARD = gnu99;
				GCC_DYNAMIC_NO_PIC = NO;
				GCC_OPTIMIZATION_LEVEL = 0;
				GCC_PREPROCESSOR_DEFINITIONS = (
					"DEBUG=1",
					"$(inherited)",
				);
				GCC_SYMBOLS_PRIVATE_EXTERN = NO;
				GCC_VERSION = com.apple.compilers.llvm.clang.1_0;
				GCC_WARN_ABOUT_RETURN_TYPE = YES;
				GCC_WARN_UNINITIALIZED_AUTOS = YES;
				GCC_WARN_UNUSED_VARIABLE = YES;
				IPHONEOS_DEPLOYMENT_TARGET = 5.1;
				SDKROOT = iphoneos;
			};
			name = Debug;
		};
		5D8AFFA715DFBA39004241D5 /* Release */ = {
			isa = XCBuildConfiguration;
			buildSettings = {
				ALWAYS_SEARCH_USER_PATHS = NO;
				ARCHS = "$(ARCHS_STANDARD_32_BIT)";
				CLANG_CXX_LANGUAGE_STANDARD = "gnu++0x";
				CLANG_ENABLE_OBJC_ARC = YES;
				CLANG_WARN__DUPLICATE_METHOD_MATCH = YES;
				"CODE_SIGN_IDENTITY[sdk=iphoneos*]" = "iPhone Developer";
				COPY_PHASE_STRIP = YES;
				GCC_C_LANGUAGE_STANDARD = gnu99;
				GCC_VERSION = com.apple.compilers.llvm.clang.1_0;
				GCC_WARN_ABOUT_RETURN_TYPE = YES;
				GCC_WARN_UNINITIALIZED_AUTOS = YES;
				GCC_WARN_UNUSED_VARIABLE = YES;
				IPHONEOS_DEPLOYMENT_TARGET = 5.1;
				OTHER_CFLAGS = "-DNS_BLOCK_ASSERTIONS=1";
				SDKROOT = iphoneos;
				VALIDATE_PRODUCT = YES;
			};
			name = Release;
		};
		5D8AFFA915DFBA39004241D5 /* Debug */ = {
			isa = XCBuildConfiguration;
			buildSettings = {
				GCC_PRECOMPILE_PREFIX_HEADER = YES;
				GCC_PREFIX_HEADER = "xtendr/xtendr-Prefix.pch";
				INFOPLIST_FILE = "xtendr/xtendr-Info.plist";
				IPHONEOS_DEPLOYMENT_TARGET = 5.0;
				LIBRARY_SEARCH_PATHS = (
					"$(inherited)",
					"\"$(SRCROOT)/third party/testflight\"",
				);
				PRODUCT_NAME = "$(TARGET_NAME)";
				WRAPPER_EXTENSION = app;
			};
			name = Debug;
		};
		5D8AFFAA15DFBA39004241D5 /* Release */ = {
			isa = XCBuildConfiguration;
			buildSettings = {
				GCC_PRECOMPILE_PREFIX_HEADER = YES;
				GCC_PREFIX_HEADER = "xtendr/xtendr-Prefix.pch";
				INFOPLIST_FILE = "xtendr/xtendr-Info.plist";
				IPHONEOS_DEPLOYMENT_TARGET = 5.0;
				LIBRARY_SEARCH_PATHS = (
					"$(inherited)",
					"\"$(SRCROOT)/third party/testflight\"",
				);
				PRODUCT_NAME = "$(TARGET_NAME)";
				WRAPPER_EXTENSION = app;
			};
			name = Release;
		};
/* End XCBuildConfiguration section */

/* Begin XCConfigurationList section */
		5D8AFF8515DFBA39004241D5 /* Build configuration list for PBXProject "xtendr" */ = {
			isa = XCConfigurationList;
			buildConfigurations = (
				5D8AFFA615DFBA39004241D5 /* Debug */,
				5D8AFFA715DFBA39004241D5 /* Release */,
				5D71284215E06AA000DA0DEE /* Release_adhoc */,
			);
			defaultConfigurationIsVisible = 0;
			defaultConfigurationName = Release;
		};
		5D8AFFA815DFBA39004241D5 /* Build configuration list for PBXNativeTarget "xtendr" */ = {
			isa = XCConfigurationList;
			buildConfigurations = (
				5D8AFFA915DFBA39004241D5 /* Debug */,
				5D8AFFAA15DFBA39004241D5 /* Release */,
				5D71284315E06AA000DA0DEE /* Release_adhoc */,
			);
			defaultConfigurationIsVisible = 0;
			defaultConfigurationName = Release;
		};
/* End XCConfigurationList section */

/* Begin XCVersionGroup section */
		5D8AFFA315DFBA39004241D5 /* xtendr.xcdatamodeld */ = {
			isa = XCVersionGroup;
			children = (
				5D8AFFA415DFBA39004241D5 /* xtendr.xcdatamodel */,
			);
			currentVersion = 5D8AFFA415DFBA39004241D5 /* xtendr.xcdatamodel */;
			path = xtendr.xcdatamodeld;
			sourceTree = "<group>";
			versionGroupType = wrapper.xcdatamodel;
		};
/* End XCVersionGroup section */
	};
	rootObject = 5D8AFF8215DFBA39004241D5 /* Project object */;
}
